schema_version: 1
source_dataset_id: gse194122_bmmc_multiome
accession: GSE194122
completed_at: '2026-08-24T19:36:53.343183+00:00'
config: configs/data_sources/shapemix_gse194122.yaml
pilot_bam_included: false
fragment_suite_included: true
fragment_samples: all
validated_bytes: 34604880348
files:
- name: GSE194122_family.soft.gz
  role: geo_family_metadata
  url: https://ftp.ncbi.nlm.nih.gov/geo/series/GSE194nnn/GSE194122/soft/GSE194122_family.soft.gz
  path: data/raw/sources/ncbi_geo/GSE194122/series_metadata/GSE194122_family.soft.gz
  bytes: 4897
  sha256: a162b2ce1791aecfa64a3853880ea28215f2283e9c4b43774c73b9f512172108
  md5: 18eccf94aec4ca900fb052ad6806377c
  integrity: passed_full_gzip_stream
  etag: null
  gsm: null
  run: null
  sample_key: null
- name: GSE194122_openproblems_neurips2021_multiome_BMMC_processed.h5ad.gz
  role: author_processed_multiome_counts_and_annotations
  url: https://ftp.ncbi.nlm.nih.gov/geo/series/GSE194nnn/GSE194122/suppl/GSE194122_openproblems_neurips2021_multiome_BMMC_processed.h5ad.gz
  path: data/raw/sources/ncbi_geo/GSE194122/processed_downloads/GSE194122_openproblems_neurips2021_multiome_BMMC_processed.h5ad.gz
  bytes: 2917117242
  sha256: 53b516e7a35518e7678f90a2f27867ae2a0054dba6ac0c52fafb67b5a80f415a
  md5: b78f960ae1ebd78ab86c607d287311fc
  integrity: passed_full_gzip_stream
  etag: null
  gsm: null
  run: null
  sample_key: null
- name: s1d1/atac_fragments.tsv.gz
  role: author_cellranger_arc_fragments
  url: https://openproblems-bio.s3.amazonaws.com/public/post_competition/multiome/s1d1/atac_fragments.tsv.gz
  path: data/raw/sources/ncbi_geo/GSE194122/samples/GSM5828481/source_files/atac_fragments.tsv.gz
  bytes: 2403439043
  sha256: 3510f357c5e742e1e89ba00154ec29603890052df09572032259a5521b80f536
  md5: ef05710994c462672aa0477911922a63
  integrity: passed_full_gzip_stream
  etag: 64026306d47da20abe20affa68237e37-287
  gsm: GSM5828481
  run: null
  sample_key: s1d1
- name: s1d1/atac_fragments.tsv.gz.tbi
  role: author_cellranger_arc_fragment_index
  url: https://openproblems-bio.s3.amazonaws.com/public/post_competition/multiome/s1d1/atac_fragments.tsv.gz.tbi
  path: data/raw/sources/ncbi_geo/GSE194122/samples/GSM5828481/source_files/atac_fragments.tsv.gz.tbi
  bytes: 1248641
  sha256: 0c61dfe7575c5f418de1f3b37af8089ed73124ffe7008864438fc3472f8b1e49
  md5: d716bf056797a09b58a8c0c158a149bb
  integrity: passed_tabix_gzip_signature
  etag: d716bf056797a09b58a8c0c158a149bb
  gsm: GSM5828481
  run: null
  sample_key: s1d1
- name: s1d1/per_barcode_metrics.csv
  role: author_cellranger_arc_barcode_metrics
  url: https://openproblems-bio.s3.amazonaws.com/public/post_competition/multiome/s1d1/per_barcode_metrics.csv
  path: data/raw/sources/ncbi_geo/GSE194122/samples/GSM5828481/source_files/per_barcode_metrics.csv
  bytes: 87627805
  sha256: 538cb4e9027730d05c473bd1bb11a8b78aa4dcfff20ff46c7fb129a516adb3ec
  md5: 277c99771ff4c8aba4c5df3d3896a255
  integrity: passed_csv_header
  etag: 1058564ebc1cfcc5c4893d90f3f51f05-11
  gsm: GSM5828481
  run: null
  sample_key: s1d1
- name: s1d2/atac_fragments.tsv.gz
  role: author_cellranger_arc_fragments
  url: https://openproblems-bio.s3.amazonaws.com/public/post_competition/multiome/s1d2/atac_fragments.tsv.gz
  path: data/raw/sources/ncbi_geo/GSE194122/samples/GSM5828482/source_files/atac_fragments.tsv.gz
  bytes: 1564854898
  sha256: 43ffd761654990223ba0272b1c60f6d923bcd350faaf5417ba159f39ef57391a
  md5: 354e182cb4873d4ea201aeef7b934517
  integrity: passed_full_gzip_stream
  etag: 5b52655710d51d4455f7c680c1cbc0b2-187
  gsm: GSM5828482
  run: null
  sample_key: s1d2
- name: s1d2/atac_fragments.tsv.gz.tbi
  role: author_cellranger_arc_fragment_index
  url: https://openproblems-bio.s3.amazonaws.com/public/post_competition/multiome/s1d2/atac_fragments.tsv.gz.tbi
  path: data/raw/sources/ncbi_geo/GSE194122/samples/GSM5828482/source_files/atac_fragments.tsv.gz.tbi
  bytes: 924352
  sha256: 9b65897f7d5e92e2c9634836be0a74981a2ce761e2e24f2a4954fa9c7b6a6b4f
  md5: 0236326645a36a971ee5061c45717fb4
  integrity: passed_tabix_gzip_signature
  etag: 0236326645a36a971ee5061c45717fb4
  gsm: GSM5828482
  run: null
  sample_key: s1d2
- name: s1d2/per_barcode_metrics.csv
  role: author_cellranger_arc_barcode_metrics
  url: https://openproblems-bio.s3.amazonaws.com/public/post_competition/multiome/s1d2/per_barcode_metrics.csv
  path: data/raw/sources/ncbi_geo/GSE194122/samples/GSM5828482/source_files/per_barcode_metrics.csv
  bytes: 87601990
  sha256: c6eb2fd2f2c7704165b0283c2c53682d9ca6a809e7474cb4e3bcc2841fa78d9a
  md5: 2671f29c3287383cf1317a630a7897f5
  integrity: passed_csv_header
  etag: d3fefbb94a022f405ebfd2339c5581d8-11
  gsm: GSM5828482
  run: null
  sample_key: s1d2
- name: s1d3/atac_fragments.tsv.gz
  role: author_cellranger_arc_fragments
  url: https://openproblems-bio.s3.amazonaws.com/public/post_competition/multiome/s1d3/atac_fragments.tsv.gz
  path: data/raw/sources/ncbi_geo/GSE194122/samples/GSM5828483/source_files/atac_fragments.tsv.gz
  bytes: 1263511449
  sha256: aac2ec393d98c3327130aab5997932fa09b22376be8eb0ebb8d6975866ea8b44
  md5: 72dcc14cdd4065f3be897b9fc71acc37
  integrity: passed_full_gzip_stream
  etag: dc69a48286f03c6f23b3fa7aa82ae556-151
  gsm: GSM5828483
  run: null
  sample_key: s1d3
- name: s1d3/atac_fragments.tsv.gz.tbi
  role: author_cellranger_arc_fragment_index
  url: https://openproblems-bio.s3.amazonaws.com/public/post_competition/multiome/s1d3/atac_fragments.tsv.gz.tbi
  path: data/raw/sources/ncbi_geo/GSE194122/samples/GSM5828483/source_files/atac_fragments.tsv.gz.tbi
  bytes: 847988
  sha256: c9fc0dabb7d30998a08552713a59b7d9803a636a8ca747ceaca1361c20911100
  md5: c6aad9da76189049cfb0552e3e667b37
  integrity: passed_tabix_gzip_signature
  etag: c6aad9da76189049cfb0552e3e667b37
  gsm: GSM5828483
  run: null
  sample_key: s1d3
- name: s1d3/per_barcode_metrics.csv
  role: author_cellranger_arc_barcode_metrics
  url: https://openproblems-bio.s3.amazonaws.com/public/post_competition/multiome/s1d3/per_barcode_metrics.csv
  path: data/raw/sources/ncbi_geo/GSE194122/samples/GSM5828483/source_files/per_barcode_metrics.csv
  bytes: 87350368
  sha256: 12cc585f805de1a54bfb5cdd89c87ede6c5193b1d306c8edbb920cb705c985be
  md5: 9a3cbb6b62714f1f7060289c3edc3570
  integrity: passed_csv_header
  etag: 32aef068031fe8f11171433a1e92584a-11
  gsm: GSM5828483
  run: null
  sample_key: s1d3
- name: s2d1/atac_fragments.tsv.gz
  role: author_cellranger_arc_fragments
  url: https://openproblems-bio.s3.amazonaws.com/public/post_competition/multiome/s2d1/atac_fragments.tsv.gz
  path: data/raw/sources/ncbi_geo/GSE194122/samples/GSM5828484/source_files/atac_fragments.tsv.gz
  bytes: 1921805111
  sha256: 26b67ee6ce8bed43638fab3f7817ccdaefdef34d71f405c56b2a5993ed75ae50
  md5: 5cd6eeb0ea0969dbd0a3acc3b7428169
  integrity: passed_full_gzip_stream
  etag: 5aff11ea2cc31905c6640521c95ae88c-230
  gsm: GSM5828484
  run: null
  sample_key: s2d1
- name: s2d1/atac_fragments.tsv.gz.tbi
  role: author_cellranger_arc_fragment_index
  url: https://openproblems-bio.s3.amazonaws.com/public/post_competition/multiome/s2d1/atac_fragments.tsv.gz.tbi
  path: data/raw/sources/ncbi_geo/GSE194122/samples/GSM5828484/source_files/atac_fragments.tsv.gz.tbi
  bytes: 1017472
  sha256: f65856b9dc4e4093ac8723d252094780aca7dade130a74358330702e91b88877
  md5: 66bd239b4a28dd89278de72702f32cf4
  integrity: passed_tabix_gzip_signature
  etag: 66bd239b4a28dd89278de72702f32cf4
  gsm: GSM5828484
  run: null
  sample_key: s2d1
- name: s2d1/per_barcode_metrics.csv
  role: author_cellranger_arc_barcode_metrics
  url: https://openproblems-bio.s3.amazonaws.com/public/post_competition/multiome/s2d1/per_barcode_metrics.csv
  path: data/raw/sources/ncbi_geo/GSE194122/samples/GSM5828484/source_files/per_barcode_metrics.csv
  bytes: 85816960
  sha256: df3ad7acdb23ca67b13b157854660ab178621a2fec4dbafa2d7e8700d2504b44
  md5: d86eb935b76170c276a2bd2def6f3a9c
  integrity: passed_csv_header
  etag: 1a8c681273523ac1a43e5ab031e998fd-11
  gsm: GSM5828484
  run: null
  sample_key: s2d1
- name: s2d4/atac_fragments.tsv.gz
  role: author_cellranger_arc_fragments
  url: https://openproblems-bio.s3.amazonaws.com/public/post_competition/multiome/s2d4/atac_fragments.tsv.gz
  path: data/raw/sources/ncbi_geo/GSE194122/samples/GSM5828485/source_files/atac_fragments.tsv.gz
  bytes: 2017561876
  sha256: aaae1c3d3bc269a785837d84ec854a42b1a3c0086adbdc0bad7347d2a7090e72
  md5: 2066c960839a31e9358c99f120a0f159
  integrity: passed_full_gzip_stream
  etag: c453d9d95d68cf4ecf57a058bd9c6cf0-241
  gsm: GSM5828485
  run: null
  sample_key: s2d4
- name: s2d4/atac_fragments.tsv.gz.tbi
  role: author_cellranger_arc_fragment_index
  url: https://openproblems-bio.s3.amazonaws.com/public/post_competition/multiome/s2d4/atac_fragments.tsv.gz.tbi
  path: data/raw/sources/ncbi_geo/GSE194122/samples/GSM5828485/source_files/atac_fragments.tsv.gz.tbi
  bytes: 1033810
  sha256: b6054a07076301ea3ad82a803fc23d64b54faf3f0eb8e825965e1ad791d1521a
  md5: abc7c4113a45a1e9f54f85942abededa
  integrity: passed_tabix_gzip_signature
  etag: abc7c4113a45a1e9f54f85942abededa
  gsm: GSM5828485
  run: null
  sample_key: s2d4
- name: s2d4/per_barcode_metrics.csv
  role: author_cellranger_arc_barcode_metrics
  url: https://openproblems-bio.s3.amazonaws.com/public/post_competition/multiome/s2d4/per_barcode_metrics.csv
  path: data/raw/sources/ncbi_geo/GSE194122/samples/GSM5828485/source_files/per_barcode_metrics.csv
  bytes: 85582257
  sha256: 9ba7eeb492aa3c18e487ff04152cccf1820fcc16f86e9a14893bf86e134ece33
  md5: fa01f62b1b345eef4e612e7be1a307b7
  integrity: passed_csv_header
  etag: 79a4912fe06b70e91e7a90e4dd85bc3b-11
  gsm: GSM5828485
  run: null
  sample_key: s2d4
- name: s2d5/atac_fragments.tsv.gz
  role: author_cellranger_arc_fragments
  url: https://openproblems-bio.s3.amazonaws.com/public/post_competition/multiome/s2d5/atac_fragments.tsv.gz
  path: data/raw/sources/ncbi_geo/GSE194122/samples/GSM5828486/source_files/atac_fragments.tsv.gz
  bytes: 1847108464
  sha256: 2cc8578c37b5549896b6e2574be5cc26ad21fbe3e7df05ff38cb6481f9d2fb01
  md5: c4342149446986a861f3c6d84da24869
  integrity: passed_full_gzip_stream
  etag: 6e17bc6ec3b79708bff940df1c272e73-221
  gsm: GSM5828486
  run: null
  sample_key: s2d5
- name: s2d5/atac_fragments.tsv.gz.tbi
  role: author_cellranger_arc_fragment_index
  url: https://openproblems-bio.s3.amazonaws.com/public/post_competition/multiome/s2d5/atac_fragments.tsv.gz.tbi
  path: data/raw/sources/ncbi_geo/GSE194122/samples/GSM5828486/source_files/atac_fragments.tsv.gz.tbi
  bytes: 987703
  sha256: 3491c68397edd31d76c2a15a3600f23042811c95761019754c0dd1b4e9cce150
  md5: a995bb7e0473e2c24e065242184044e0
  integrity: passed_tabix_gzip_signature
  etag: a995bb7e0473e2c24e065242184044e0
  gsm: GSM5828486
  run: null
  sample_key: s2d5
- name: s2d5/per_barcode_metrics.csv
  role: author_cellranger_arc_barcode_metrics
  url: https://openproblems-bio.s3.amazonaws.com/public/post_competition/multiome/s2d5/per_barcode_metrics.csv
  path: data/raw/sources/ncbi_geo/GSE194122/samples/GSM5828486/source_files/per_barcode_metrics.csv
  bytes: 83044199
  sha256: 295b23b29bb8e660135160a166b2550ac9c53492489d3c28cfa160aec3a55cf2
  md5: 7569e64de2505b2e51769aa5fe089515
  integrity: passed_csv_header
  etag: ae78c5d43e571f40b472a39b0f9f2d4c-10
  gsm: GSM5828486
  run: null
  sample_key: s2d5
- name: s3d10/atac_fragments.tsv.gz
  role: author_cellranger_arc_fragments
  url: https://openproblems-bio.s3.amazonaws.com/public/post_competition/multiome/s3d10/atac_fragments.tsv.gz
  path: data/raw/sources/ncbi_geo/GSE194122/samples/GSM5828487/source_files/atac_fragments.tsv.gz
  bytes: 4953616309
  sha256: 9a4ee03ae814e06d19b1deb8bf5956a8a58d307786ec72eb6aff1b6245f86578
  md5: 569127c7b60bd66d6feee1f1c091b154
  integrity: passed_full_gzip_stream
  etag: a7762310096b90f13a546aff8a6671e9-591
  gsm: GSM5828487
  run: null
  sample_key: s3d10
- name: s3d10/atac_fragments.tsv.gz.tbi
  role: author_cellranger_arc_fragment_index
  url: https://openproblems-bio.s3.amazonaws.com/public/post_competition/multiome/s3d10/atac_fragments.tsv.gz.tbi
  path: data/raw/sources/ncbi_geo/GSE194122/samples/GSM5828487/source_files/atac_fragments.tsv.gz.tbi
  bytes: 1715958
  sha256: 919bb539792db4f541bd71d297cb703c68249122fda243853aa513827596b4bd
  md5: 4b3f153a062ca13d2245ffcccd034d48
  integrity: passed_tabix_gzip_signature
  etag: 4b3f153a062ca13d2245ffcccd034d48
  gsm: GSM5828487
  run: null
  sample_key: s3d10
- name: s3d10/per_barcode_metrics.csv
  role: author_cellranger_arc_barcode_metrics
  url: https://openproblems-bio.s3.amazonaws.com/public/post_competition/multiome/s3d10/per_barcode_metrics.csv
  path: data/raw/sources/ncbi_geo/GSE194122/samples/GSM5828487/source_files/per_barcode_metrics.csv
  bytes: 87400242
  sha256: 82373b87dadcab7afe73f886a797e5f44b2e20660ba1ae6dd6d74a86d47a2bf7
  md5: ed78efe78b141b5582d9430239143829
  integrity: passed_csv_header
  etag: 566a08e5cacfeaa3b549a3fe0c615a00-11
  gsm: GSM5828487
  run: null
  sample_key: s3d10
- name: s3d3/atac_fragments.tsv.gz
  role: author_cellranger_arc_fragments
  url: https://openproblems-bio.s3.amazonaws.com/public/post_competition/multiome/s3d3/atac_fragments.tsv.gz
  path: data/raw/sources/ncbi_geo/GSE194122/samples/GSM5828488/source_files/atac_fragments.tsv.gz
  bytes: 4450075207
  sha256: 4c86a7762b7398a2fec31f07858d3e7070ca99d82911778fb23a2d0db2175245
  md5: 97862907bdcfe9ea2c791f68a2862913
  integrity: passed_full_gzip_stream
  etag: ada091eb53ee81898fcd1fcf176f2b2f-531
  gsm: GSM5828488
  run: null
  sample_key: s3d3
- name: s3d3/atac_fragments.tsv.gz.tbi
  role: author_cellranger_arc_fragment_index
  url: https://openproblems-bio.s3.amazonaws.com/public/post_competition/multiome/s3d3/atac_fragments.tsv.gz.tbi
  path: data/raw/sources/ncbi_geo/GSE194122/samples/GSM5828488/source_files/atac_fragments.tsv.gz.tbi
  bytes: 1570277
  sha256: 9fac259900af5996fc759649a9ad084aeb97797e8306bb706ee931f2c8b616ac
  md5: 100fab49f0707e4e7d779d31fdf90f6d
  integrity: passed_tabix_gzip_signature
  etag: 100fab49f0707e4e7d779d31fdf90f6d
  gsm: GSM5828488
  run: null
  sample_key: s3d3
- name: s3d3/per_barcode_metrics.csv
  role: author_cellranger_arc_barcode_metrics
  url: https://openproblems-bio.s3.amazonaws.com/public/post_competition/multiome/s3d3/per_barcode_metrics.csv
  path: data/raw/sources/ncbi_geo/GSE194122/samples/GSM5828488/source_files/per_barcode_metrics.csv
  bytes: 86931484
  sha256: 2c2ada872f31bcab2cc73370885f5b9fcbee62696187074ac34696f186ba6ada
  md5: 440b86d6b17aa002fa8e460246430a57
  integrity: passed_csv_header
  etag: 8b304c87647ec098d770b1bac13c2256-11
  gsm: GSM5828488
  run: null
  sample_key: s3d3
- name: s3d6/atac_fragments.tsv.gz
  role: author_cellranger_arc_fragments
  url: https://openproblems-bio.s3.amazonaws.com/public/post_competition/multiome/s3d6/atac_fragments.tsv.gz
  path: data/raw/sources/ncbi_geo/GSE194122/samples/GSM5828489/source_files/atac_fragments.tsv.gz
  bytes: 1051100810
  sha256: f8cc0f19e8466732d46edbd305be4ecdac5916e31e90cdd012cc5477a82df21d
  md5: 75882daa7c3c465a61c2f384f7621d2c
  integrity: passed_full_gzip_stream
  etag: 397bd1500288238fe64c12c063bcd4aa-126
  gsm: GSM5828489
  run: null
  sample_key: s3d6
- name: s3d6/atac_fragments.tsv.gz.tbi
  role: author_cellranger_arc_fragment_index
  url: https://openproblems-bio.s3.amazonaws.com/public/post_competition/multiome/s3d6/atac_fragments.tsv.gz.tbi
  path: data/raw/sources/ncbi_geo/GSE194122/samples/GSM5828489/source_files/atac_fragments.tsv.gz.tbi
  bytes: 781764
  sha256: 91e36ff4b35b65411acd643f79cfb946053825e1750cd4ca78d9910f7154c0e9
  md5: 88d0571e8137413f621eaf49770c12a5
  integrity: passed_tabix_gzip_signature
  etag: 88d0571e8137413f621eaf49770c12a5
  gsm: GSM5828489
  run: null
  sample_key: s3d6
- name: s3d6/per_barcode_metrics.csv
  role: author_cellranger_arc_barcode_metrics
  url: https://openproblems-bio.s3.amazonaws.com/public/post_competition/multiome/s3d6/per_barcode_metrics.csv
  path: data/raw/sources/ncbi_geo/GSE194122/samples/GSM5828489/source_files/per_barcode_metrics.csv
  bytes: 87389121
  sha256: 61f359e3c2d0309f5c5b8ffa35bf813954701fc0c211229e6d41c729f37c93ba
  md5: d118dfeb107d2061d7fd93187987d26a
  integrity: passed_csv_header
  etag: 119660d88a829f8b99c62b239ecdfd51-11
  gsm: GSM5828489
  run: null
  sample_key: s3d6
- name: s3d7/atac_fragments.tsv.gz
  role: author_cellranger_arc_fragments
  url: https://openproblems-bio.s3.amazonaws.com/public/post_competition/multiome/s3d7/atac_fragments.tsv.gz
  path: data/raw/sources/ncbi_geo/GSE194122/samples/GSM5828490/source_files/atac_fragments.tsv.gz
  bytes: 3310057789
  sha256: 1c029ee05cda84be0a6c24d61b95ec2423b4e162c719610bf16b4327e507f2a8
  md5: 97962e981511c9a04ada6bf63c8b19a9
  integrity: passed_full_gzip_stream
  etag: 884cbc1da46ecca2580ba6b49b48ab90-395
  gsm: GSM5828490
  run: null
  sample_key: s3d7
- name: s3d7/atac_fragments.tsv.gz.tbi
  role: author_cellranger_arc_fragment_index
  url: https://openproblems-bio.s3.amazonaws.com/public/post_competition/multiome/s3d7/atac_fragments.tsv.gz.tbi
  path: data/raw/sources/ncbi_geo/GSE194122/samples/GSM5828490/source_files/atac_fragments.tsv.gz.tbi
  bytes: 1475120
  sha256: bc168dc49c5f459b94ea8e39a3f82332659aad808c881f140157635566acfa22
  md5: b75275250755f722319abe110dc315e3
  integrity: passed_tabix_gzip_signature
  etag: b75275250755f722319abe110dc315e3
  gsm: GSM5828490
  run: null
  sample_key: s3d7
- name: s3d7/per_barcode_metrics.csv
  role: author_cellranger_arc_barcode_metrics
  url: https://openproblems-bio.s3.amazonaws.com/public/post_competition/multiome/s3d7/per_barcode_metrics.csv
  path: data/raw/sources/ncbi_geo/GSE194122/samples/GSM5828490/source_files/per_barcode_metrics.csv
  bytes: 90073271
  sha256: ab3bba373b7b6fbedf5230d4c5579ace918d857e763442f8a94c56cfccafc08c
  md5: 3e2c463a9b808c51bf5cac27f0f41acb
  integrity: passed_csv_header
  etag: d7aac883210cb9b5f731002ac4d99292-11
  gsm: GSM5828490
  run: null
  sample_key: s3d7
- name: s4d1/atac_fragments.tsv.gz
  role: author_cellranger_arc_fragments
  url: https://openproblems-bio.s3.amazonaws.com/public/post_competition/multiome/s4d1/atac_fragments.tsv.gz
  path: data/raw/sources/ncbi_geo/GSE194122/samples/GSM5828491/source_files/atac_fragments.tsv.gz
  bytes: 2627962730
  sha256: 5d15c7a719bb96672539552faa9152e1d3abb3a4d9f01237df8891c45666a055
  md5: c0d09449bce280c5ee3c227b3d9ce4d1
  integrity: passed_full_gzip_stream
  etag: 70e455e57a9809d46e426415afda1d1c-314
  gsm: GSM5828491
  run: null
  sample_key: s4d1
- name: s4d1/atac_fragments.tsv.gz.tbi
  role: author_cellranger_arc_fragment_index
  url: https://openproblems-bio.s3.amazonaws.com/public/post_competition/multiome/s4d1/atac_fragments.tsv.gz.tbi
  path: data/raw/sources/ncbi_geo/GSE194122/samples/GSM5828491/source_files/atac_fragments.tsv.gz.tbi
  bytes: 1218544
  sha256: 7b9b3e3176dac3dbb89b6a65db52182a99185a9757d53d99b740636a6072adef
  md5: 7f81171d333be388e7b5ded5bf2b636d
  integrity: passed_tabix_gzip_signature
  etag: 7f81171d333be388e7b5ded5bf2b636d
  gsm: GSM5828491
  run: null
  sample_key: s4d1
- name: s4d1/per_barcode_metrics.csv
  role: author_cellranger_arc_barcode_metrics
  url: https://openproblems-bio.s3.amazonaws.com/public/post_competition/multiome/s4d1/per_barcode_metrics.csv
  path: data/raw/sources/ncbi_geo/GSE194122/samples/GSM5828491/source_files/per_barcode_metrics.csv
  bytes: 86509991
  sha256: fae1190d46d4e4a9b4f6e6047ca1859b039b4a8063f36570bf789c1bf1e93452
  md5: 747b880fa45a74dbbbcb4ccd22e8b109
  integrity: passed_csv_header
  etag: f1f1a5e0bf6d6b80465529efb65fcd1a-11
  gsm: GSM5828491
  run: null
  sample_key: s4d1
- name: s4d8/atac_fragments.tsv.gz
  role: author_cellranger_arc_fragments
  url: https://openproblems-bio.s3.amazonaws.com/public/post_competition/multiome/s4d8/atac_fragments.tsv.gz
  path: data/raw/sources/ncbi_geo/GSE194122/samples/GSM5828492/source_files/atac_fragments.tsv.gz
  bytes: 2041853762
  sha256: 28c4461b5bce5786cb0a050a1ba7b15e1ed997324312436a17d3d1695a83cea5
  md5: db41f24bdbf8c0d422fbe8d422b8a3c3
  integrity: passed_full_gzip_stream
  etag: 205496298836a24510247e5b0b956929-244
  gsm: GSM5828492
  run: null
  sample_key: s4d8
- name: s4d8/atac_fragments.tsv.gz.tbi
  role: author_cellranger_arc_fragment_index
  url: https://openproblems-bio.s3.amazonaws.com/public/post_competition/multiome/s4d8/atac_fragments.tsv.gz.tbi
  path: data/raw/sources/ncbi_geo/GSE194122/samples/GSM5828492/source_files/atac_fragments.tsv.gz.tbi
  bytes: 1018410
  sha256: c4e99c15438d388edd27c8da2a4a9297354fce275e69bb93214eb317a05130df
  md5: db775160368e88be4760ac56e353dcd6
  integrity: passed_tabix_gzip_signature
  etag: db775160368e88be4760ac56e353dcd6
  gsm: GSM5828492
  run: null
  sample_key: s4d8
- name: s4d8/per_barcode_metrics.csv
  role: author_cellranger_arc_barcode_metrics
  url: https://openproblems-bio.s3.amazonaws.com/public/post_competition/multiome/s4d8/per_barcode_metrics.csv
  path: data/raw/sources/ncbi_geo/GSE194122/samples/GSM5828492/source_files/per_barcode_metrics.csv
  bytes: 85156546
  sha256: eaa128a40bdf4901ec9c818b2c67a9a5687d47c12f10b772cd84fd8901a3c71a
  md5: 379c4483ded1b74caa0a53752080a755
  integrity: passed_csv_header
  etag: 9f18e78208c5080e91b169417028e302-11
  gsm: GSM5828492
  run: null
  sample_key: s4d8
- name: s4d9/atac_fragments.tsv.gz
  role: author_cellranger_arc_fragments
  url: https://openproblems-bio.s3.amazonaws.com/public/post_competition/multiome/s4d9/atac_fragments.tsv.gz
  path: data/raw/sources/ncbi_geo/GSE194122/samples/GSM5828493/source_files/atac_fragments.tsv.gz
  bytes: 1105066544
  sha256: 44612d5b7997c5805a857c39c3522f21b01937459711e54d64b8415eb69820c5
  md5: 28ac3e3c908e0c80963fe5732cf43dc2
  integrity: passed_full_gzip_stream
  etag: 18010f693ae7d5298000a45ccdf8294c-132
  gsm: GSM5828493
  run: null
  sample_key: s4d9
- name: s4d9/atac_fragments.tsv.gz.tbi
  role: author_cellranger_arc_fragment_index
  url: https://openproblems-bio.s3.amazonaws.com/public/post_competition/multiome/s4d9/atac_fragments.tsv.gz.tbi
  path: data/raw/sources/ncbi_geo/GSE194122/samples/GSM5828493/source_files/atac_fragments.tsv.gz.tbi
  bytes: 789697
  sha256: 285ea44884d03c0d33f9933fafe220c886f02e3df28c0847930b81e51d24b0e8
  md5: f01bc46e626585b658192a85258a09a3
  integrity: passed_tabix_gzip_signature
  etag: f01bc46e626585b658192a85258a09a3
  gsm: GSM5828493
  run: null
  sample_key: s4d9
- name: s4d9/per_barcode_metrics.csv
  role: author_cellranger_arc_barcode_metrics
  url: https://openproblems-bio.s3.amazonaws.com/public/post_competition/multiome/s4d9/per_barcode_metrics.csv
  path: data/raw/sources/ncbi_geo/GSE194122/samples/GSM5828493/source_files/per_barcode_metrics.csv
  bytes: 74630247
  sha256: f82e58a190778a59d66ee4c4533892299d7ba4efbd191013f79b932b254cf1bd
  md5: 33a3e7fd6b229b4b70b50de97a0a4baa
  integrity: passed_csv_header
  etag: 8251262ad0b139d4258eae09a7d4824b-9
  gsm: GSM5828493
  run: null
  sample_key: s4d9
atac_remote_inventory:
  samples: 13
  total_bam_bytes: 531234571942
  policy: NCBI BAMs are a frozen fallback and are not acquired when the author fragment
    suite validates
