schema_version: 1
source_dataset_id: shapemix_gse244618_human_hippocampus_reference
accession: GSE244618
completed_at: '2026-08-26T10:38:33.469307+00:00'
config: configs/data_sources/shapemix_gse244618_reference.yaml
resources: 16
total_bytes: 7559398338
files:
- name: GSE244618_family.soft.gz
  role: geo_family_metadata
  accession: GSE244618
  url: https://ftp.ncbi.nlm.nih.gov/geo/series/GSE244nnn/GSE244618/soft/GSE244618_family.soft.gz
  path: data/raw/sources/ncbi_geo/GSE244618/series_metadata/GSE244618_family.soft.gz
  bytes: 14358
  remote_etag: null
  sha256: 71162657146c55bc71dd07990da8f8aade8784323fe10f044bb675616426df34
  integrity: passed_full_gzip_stream_and_schema
  tar_members: null
- name: Table_S1.xlsx
  role: author_brain_dissection_annotations
  accession: GSE244618
  url: https://decoder-genetics.wustl.edu/catlasv1/humanbrain/data/Supplementary_Tables/Table%20S1%20-%20Human%20brain%20dissection%20and%20annotation.xlsx
  path: data/raw/sources/ncbi_geo/GSE244618/portal_metadata/Table_S1.xlsx
  bytes: 13741
  remote_etag: 35ad-5f179124e2000
  sha256: 64732274f7e0c44e304d1cb56615ffc4d8baa160a31116da40264b5275572feb
  integrity: passed_xlsx_zip_crc_and_manifest
  tar_members: null
- name: Table_S2.xlsx
  role: author_experiment_metadata
  accession: GSE244618
  url: https://decoder-genetics.wustl.edu/catlasv1/humanbrain/data/Supplementary_Tables/Table%20S2%20-%20Metatable%20of%20snATAC-seq%20experiments.xlsx
  path: data/raw/sources/ncbi_geo/GSE244618/portal_metadata/Table_S2.xlsx
  bytes: 17713
  remote_etag: 4531-5f179123eddc0
  sha256: ebb483cd5eb288319040b4f07f8590869c17d595d27fa820f4aa44d9f8860b68
  integrity: passed_xlsx_zip_crc_and_manifest
  tar_members: null
- name: Table_S3_nuclei.tsv.gz
  role: author_cell_level_annotations
  accession: GSE244618
  url: https://decoder-genetics.wustl.edu/catlasv1/humanbrain/data/Supplementary_Tables/Table%20S3%20%E2%80%93%20Metatable%20and%20annotation%20of%20single%20nuclei.gz
  path: data/raw/sources/ncbi_geo/GSE244618/portal_metadata/Table_S3_nuclei.tsv.gz
  bytes: 45420853
  remote_etag: 2b51135-5f179123eddc0
  sha256: feddb807d2d4e3c245fdb95756e1caacf7d53fb78ff959a84438b918945b0e31
  integrity: passed_full_gzip_stream_and_schema
  tar_members: null
- name: Table_S4.xlsx
  role: author_cell_taxonomy
  accession: GSE244618
  url: https://decoder-genetics.wustl.edu/catlasv1/humanbrain/data/Supplementary_Tables/Table%20S4%20-%20Human%20brain%20cell%20taxonmy%20and%20annotation.xlsx
  path: data/raw/sources/ncbi_geo/GSE244618/portal_metadata/Table_S4.xlsx
  bytes: 18719
  remote_etag: 491f-5f179123eddc0
  sha256: b7475c91b14dd3ef9071fec2df0086f823714bee940f9974be1ad75fe99436af
  integrity: passed_xlsx_zip_crc_and_manifest
  tar_members: null
- name: Table_S5.xlsx
  role: author_subclass_markers
  accession: GSE244618
  url: https://decoder-genetics.wustl.edu/catlasv1/humanbrain/data/Supplementary_Tables/Table%20S5%20-%20Cell%20subclass%20annotation%20and%20marker%20genes.xlsx
  path: data/raw/sources/ncbi_geo/GSE244618/portal_metadata/Table_S5.xlsx
  bytes: 18633
  remote_etag: 48c9-5f179124e2000
  sha256: 4e4c844526f76104dfca6f960e00d59788f6a5b4a86a51a470f0aa91dbba2207
  integrity: passed_xlsx_zip_crc_and_manifest
  tar_members: null
- name: Table_S6_ccres.bed.gz
  role: author_candidate_ccres
  accession: GSE244618
  url: https://decoder-genetics.wustl.edu/catlasv1/humanbrain/data/Supplementary_Tables/Table%20S6%20%E2%80%93%20List%20of%20cCREs%20in%20bed%20format.gz
  path: data/raw/sources/ncbi_geo/GSE244618/portal_metadata/Table_S6_ccres.bed.gz
  bytes: 5705260
  remote_etag: 570e2c-5f179125d6240
  sha256: d8e54118fb59d57a65d45475855ef9183e2ab62b51ef2b6d028d7d8260b82b98
  integrity: passed_full_gzip_stream_and_schema
  tar_members: null
- name: GSM7822250_MM_802.bedpe.gz
  role: selected_hippocampal_parent_fragments
  accession: GSM7822250
  url: https://ftp.ncbi.nlm.nih.gov/geo/samples/GSM7822nnn/GSM7822250/suppl/GSM7822250_MM_802.bedpe.gz
  path: data/raw/sources/ncbi_geo/GSE244618/samples/GSM7822250/source_files/GSM7822250_MM_802.bedpe.gz
  bytes: 775549599
  remote_etag: null
  sha256: ffaed592b941fc2e20521db4391da01da64ad74d77193be5bcaf7b195da04fda
  integrity: passed_full_gzip_stream_and_schema
  tar_members: null
- name: GSM7822251_MM_910.bedpe.gz
  role: selected_hippocampal_parent_fragments
  accession: GSM7822251
  url: https://ftp.ncbi.nlm.nih.gov/geo/samples/GSM7822nnn/GSM7822251/suppl/GSM7822251_MM_910.bedpe.gz
  path: data/raw/sources/ncbi_geo/GSE244618/samples/GSM7822251/source_files/GSM7822251_MM_910.bedpe.gz
  bytes: 614885613
  remote_etag: null
  sha256: e30ba342fedb21f67d7d642c12b68ca7143e903e4afd32d310449f9c940cbd5a
  integrity: passed_full_gzip_stream_and_schema
  tar_members: null
- name: GSM7822252_MM_932.bedpe.gz
  role: selected_hippocampal_parent_fragments
  accession: GSM7822252
  url: https://ftp.ncbi.nlm.nih.gov/geo/samples/GSM7822nnn/GSM7822252/suppl/GSM7822252_MM_932.bedpe.gz
  path: data/raw/sources/ncbi_geo/GSE244618/samples/GSM7822252/source_files/GSM7822252_MM_932.bedpe.gz
  bytes: 810106422
  remote_etag: null
  sha256: 7301969fdc839b73bb4256a3e09ffc261825e269e9a72b1eef90cc27e84e65e6
  integrity: passed_full_gzip_stream_and_schema
  tar_members: null
- name: GSM7822253_MM_908.bedpe.gz
  role: selected_hippocampal_parent_fragments
  accession: GSM7822253
  url: https://ftp.ncbi.nlm.nih.gov/geo/samples/GSM7822nnn/GSM7822253/suppl/GSM7822253_MM_908.bedpe.gz
  path: data/raw/sources/ncbi_geo/GSE244618/samples/GSM7822253/source_files/GSM7822253_MM_908.bedpe.gz
  bytes: 657575822
  remote_etag: null
  sha256: b1fb1b600a638981fefc911f26681d9d13aed80d12c677b4e20b151a34cdd7af
  integrity: passed_full_gzip_stream_and_schema
  tar_members: null
- name: GSM7822254_MM_793.bedpe.gz
  role: selected_hippocampal_parent_fragments
  accession: GSM7822254
  url: https://ftp.ncbi.nlm.nih.gov/geo/samples/GSM7822nnn/GSM7822254/suppl/GSM7822254_MM_793.bedpe.gz
  path: data/raw/sources/ncbi_geo/GSE244618/samples/GSM7822254/source_files/GSM7822254_MM_793.bedpe.gz
  bytes: 281505228
  remote_etag: null
  sha256: 5a0e115e4f8614ce9b43b2a3ab4ecff9ab22c199c0faf7d2bc5ab930eefef94a
  integrity: passed_full_gzip_stream_and_schema
  tar_members: null
- name: GSM7822256_MM_970.bedpe.gz
  role: selected_hippocampal_parent_fragments
  accession: GSM7822256
  url: https://ftp.ncbi.nlm.nih.gov/geo/samples/GSM7822nnn/GSM7822256/suppl/GSM7822256_MM_970.bedpe.gz
  path: data/raw/sources/ncbi_geo/GSE244618/samples/GSM7822256/source_files/GSM7822256_MM_970.bedpe.gz
  bytes: 708857062
  remote_etag: null
  sha256: b80395244b0596c7333a80fc9ee3abe84e6e9e91bf191f4e520736bd2cc74083
  integrity: passed_full_gzip_stream_and_schema
  tar_members: null
- name: GSM7822258_MM_814.bedpe.gz
  role: selected_hippocampal_parent_fragments
  accession: GSM7822258
  url: https://ftp.ncbi.nlm.nih.gov/geo/samples/GSM7822nnn/GSM7822258/suppl/GSM7822258_MM_814.bedpe.gz
  path: data/raw/sources/ncbi_geo/GSE244618/samples/GSM7822258/source_files/GSM7822258_MM_814.bedpe.gz
  bytes: 1699390462
  remote_etag: null
  sha256: 933b056c8e2223d17b40fe27510f4bff5cad46f82c7b1b3dfef51ff8b7316bcc
  integrity: passed_full_gzip_stream_and_schema
  tar_members: null
- name: GSM7822259_MM_902.bedpe.gz
  role: selected_hippocampal_parent_fragments
  accession: GSM7822259
  url: https://ftp.ncbi.nlm.nih.gov/geo/samples/GSM7822nnn/GSM7822259/suppl/GSM7822259_MM_902.bedpe.gz
  path: data/raw/sources/ncbi_geo/GSE244618/samples/GSM7822259/source_files/GSM7822259_MM_902.bedpe.gz
  bytes: 478213060
  remote_etag: null
  sha256: b33dce84628e0dbf70f98bd39f609a7a513af4174207a1cda114cf19bdbbd38a
  integrity: passed_full_gzip_stream_and_schema
  tar_members: null
- name: GSM7822260_MM_898.bedpe.gz
  role: selected_hippocampal_parent_fragments
  accession: GSM7822260
  url: https://ftp.ncbi.nlm.nih.gov/geo/samples/GSM7822nnn/GSM7822260/suppl/GSM7822260_MM_898.bedpe.gz
  path: data/raw/sources/ncbi_geo/GSE244618/samples/GSM7822260/source_files/GSM7822260_MM_898.bedpe.gz
  bytes: 1482105793
  remote_etag: null
  sha256: c52232b9526ff760ec55dffd30d116f5d712a4ccbfbf5f836c9875239bee8b08
  integrity: passed_full_gzip_stream_and_schema
  tar_members: null
