schema_version: 1
source_dataset_id: shapemix_gse246791_selected_fragment_reads
accession: GSE246791
completed_at: '2026-09-04T18:14:02.045671+00:00'
config: configs/data_sources/shapemix_gse246791_fragment_reads.yaml
resources: 24
requested_accessions: null
total_bytes: 149964894951
resource_policy:
  transfer_workers: 8
  validation_workers_max: 4
files:
- name: SRR26585986_1.fastq.gz
  role: selected_sample_demultiplexed_paired_end_read_1
  accession: GSM7877011
  url: https://ftp.sra.ebi.ac.uk/vol1/fastq/SRR265/086/SRR26585986/SRR26585986_1.fastq.gz
  path: data/raw/sources/ncbi_sra/GSE246791/samples/GSM7877011/raw_reads/SRR26585986_1.fastq.gz
  bytes: 2010024796
  remote_etag: 77ce8b5c-609725299d940
  provider_md5: f5f8c4db2c5b2f4ffa80119902655b5d
  observed_md5: f5f8c4db2c5b2f4ffa80119902655b5d
  sha256: 653e856c1bc99bab3fcb32d751392b0c00831f46578636977d648e79ecd5f08a
  integrity: passed_full_gzip_stream_and_schema
  tar_members: null
- name: SRR26585986_2.fastq.gz
  role: selected_sample_demultiplexed_paired_end_read_2
  accession: GSM7877011
  url: https://ftp.sra.ebi.ac.uk/vol1/fastq/SRR265/086/SRR26585986/SRR26585986_2.fastq.gz
  path: data/raw/sources/ncbi_sra/GSE246791/samples/GSM7877011/raw_reads/SRR26585986_2.fastq.gz
  bytes: 2010694657
  remote_etag: 77d8c401-60972525cd040
  provider_md5: de79573245830711ed92c43951e83cfd
  observed_md5: de79573245830711ed92c43951e83cfd
  sha256: b25f654b66b1f50ee3732ecf7b9c7247284cd3a6c794799c2c338d545de473df
  integrity: passed_full_gzip_stream_and_schema
  tar_members: null
- name: SRR26585897_1.fastq.gz
  role: selected_sample_demultiplexed_paired_end_read_1
  accession: GSM7877041
  url: https://ftp.sra.ebi.ac.uk/vol1/fastq/SRR265/097/SRR26585897/SRR26585897_1.fastq.gz
  path: data/raw/sources/ncbi_sra/GSE246791/samples/GSM7877041/raw_reads/SRR26585897_1.fastq.gz
  bytes: 7089688616
  remote_etag: 1a6941028-609606a962880
  provider_md5: e9ec9815330ba8f6d9e4e3afb402e761
  observed_md5: e9ec9815330ba8f6d9e4e3afb402e761
  sha256: cb32e8ef97d5f1010fa061f1d19c87c859a0eaade3518d39586171d626acc739
  integrity: passed_full_gzip_stream_and_schema
  tar_members: null
- name: SRR26585897_2.fastq.gz
  role: selected_sample_demultiplexed_paired_end_read_2
  accession: GSM7877041
  url: https://ftp.sra.ebi.ac.uk/vol1/fastq/SRR265/097/SRR26585897/SRR26585897_2.fastq.gz
  path: data/raw/sources/ncbi_sra/GSE246791/samples/GSM7877041/raw_reads/SRR26585897_2.fastq.gz
  bytes: 7018281052
  remote_etag: 1a252785c-6096082b9f7c0
  provider_md5: 720037d076e2e45d7dc641871f25d7d7
  observed_md5: 720037d076e2e45d7dc641871f25d7d7
  sha256: a18dbe9d7b1ec548385c4b77493a127428bf676210fe3bf3c5bf8a21499cd265
  integrity: passed_full_gzip_stream_and_schema
  tar_members: null
- name: SRR26586009_1.fastq.gz
  role: selected_sample_demultiplexed_paired_end_read_1
  accession: GSM7876942
  url: https://ftp.sra.ebi.ac.uk/vol1/fastq/SRR265/009/SRR26586009/SRR26586009_1.fastq.gz
  path: data/raw/sources/ncbi_sra/GSE246791/samples/GSM7876942/raw_reads/SRR26586009_1.fastq.gz
  bytes: 15869572364
  remote_etag: 3b1e6750c-60976b5135d40
  provider_md5: 9ebd18a68d925cd8318833200966ef33
  observed_md5: 9ebd18a68d925cd8318833200966ef33
  sha256: 4f64557077b00dab1aadd662d38211cced04bd3f64d0c042daa885cb5b96bd2f
  integrity: passed_full_gzip_stream_and_schema
  tar_members: null
- name: SRR26586009_2.fastq.gz
  role: selected_sample_demultiplexed_paired_end_read_2
  accession: GSM7876942
  url: https://ftp.sra.ebi.ac.uk/vol1/fastq/SRR265/009/SRR26586009/SRR26586009_2.fastq.gz
  path: data/raw/sources/ncbi_sra/GSE246791/samples/GSM7876942/raw_reads/SRR26586009_2.fastq.gz
  bytes: 15700757186
  remote_etag: 3a7d68ac2-60976e588c280
  provider_md5: 6c76ee2ac8219503c1f3b95c22f90fc4
  observed_md5: 6c76ee2ac8219503c1f3b95c22f90fc4
  sha256: e84ebfa4bc125fc81cfbc0d9a27205c72c2682d965775da3fee3d90632a1dee8
  integrity: passed_full_gzip_stream_and_schema
  tar_members: null
- name: SRR26585991_1.fastq.gz
  role: selected_sample_demultiplexed_paired_end_read_1
  accession: GSM7877006
  url: https://ftp.sra.ebi.ac.uk/vol1/fastq/SRR265/091/SRR26585991/SRR26585991_1.fastq.gz
  path: data/raw/sources/ncbi_sra/GSE246791/samples/GSM7877006/raw_reads/SRR26585991_1.fastq.gz
  bytes: 4633926676
  remote_etag: 114341c14-6097322713f00
  provider_md5: eedb5d6e024fbc998268f43e6127bcc0
  observed_md5: eedb5d6e024fbc998268f43e6127bcc0
  sha256: 2799ab1345ba235b999271199c44c1a40cd0838dfe3e77c5afd317cb545953b7
  integrity: passed_full_gzip_stream_and_schema
  tar_members: null
- name: SRR26585991_2.fastq.gz
  role: selected_sample_demultiplexed_paired_end_read_2
  accession: GSM7877006
  url: https://ftp.sra.ebi.ac.uk/vol1/fastq/SRR265/091/SRR26585991/SRR26585991_2.fastq.gz
  path: data/raw/sources/ncbi_sra/GSE246791/samples/GSM7877006/raw_reads/SRR26585991_2.fastq.gz
  bytes: 4641523814
  remote_etag: 114a80866-6097323656300
  provider_md5: 04c34b289e43cf6d10762b6509223315
  observed_md5: 04c34b289e43cf6d10762b6509223315
  sha256: 281680e66e5442143d841c5d5370a783dd30f16888625a226ce86814b75b073e
  integrity: passed_full_gzip_stream_and_schema
  tar_members: null
- name: SRR26586088_1.fastq.gz
  role: selected_sample_demultiplexed_paired_end_read_1
  accession: GSM7877102
  url: https://ftp.sra.ebi.ac.uk/vol1/fastq/SRR265/088/SRR26586088/SRR26586088_1.fastq.gz
  path: data/raw/sources/ncbi_sra/GSE246791/samples/GSM7877102/raw_reads/SRR26586088_1.fastq.gz
  bytes: 2896854570
  remote_etag: acaa7e2a-6097283f42040
  provider_md5: b2832ad52d5aab65898b50d709d37f6a
  observed_md5: b2832ad52d5aab65898b50d709d37f6a
  sha256: 7726503d2e56cafb55b989737eca2904861a9ea08e5c2859744bc92a3adc39a0
  integrity: passed_full_gzip_stream_and_schema
  tar_members: null
- name: SRR26586088_2.fastq.gz
  role: selected_sample_demultiplexed_paired_end_read_2
  accession: GSM7877102
  url: https://ftp.sra.ebi.ac.uk/vol1/fastq/SRR265/088/SRR26586088/SRR26586088_2.fastq.gz
  path: data/raw/sources/ncbi_sra/GSE246791/samples/GSM7877102/raw_reads/SRR26586088_2.fastq.gz
  bytes: 2854030176
  remote_etag: aa1d0b60-6097283b71740
  provider_md5: 400f2453bcebd8b495b21537ff43982d
  observed_md5: 400f2453bcebd8b495b21537ff43982d
  sha256: 01389c4af02157997919b09b17dd62d0a008ddafa15b8dd4136f8df81fc47b80
  integrity: passed_full_gzip_stream_and_schema
  tar_members: null
- name: SRR26585982_1.fastq.gz
  role: selected_sample_demultiplexed_paired_end_read_1
  accession: GSM7877014
  url: https://ftp.sra.ebi.ac.uk/vol1/fastq/SRR265/082/SRR26585982/SRR26585982_1.fastq.gz
  path: data/raw/sources/ncbi_sra/GSE246791/samples/GSM7877014/raw_reads/SRR26585982_1.fastq.gz
  bytes: 4507717319
  remote_etag: 10cae4ec7-6097309b4d940
  provider_md5: fa65a7684f2d48efb67240b94daeff2a
  observed_md5: fa65a7684f2d48efb67240b94daeff2a
  sha256: 5a2d2c0b6ec389f82af77804cb352734586f00637ca718e43662e731bbd4e5c6
  integrity: passed_full_gzip_stream_and_schema
  tar_members: null
- name: SRR26585982_2.fastq.gz
  role: selected_sample_demultiplexed_paired_end_read_2
  accession: GSM7877014
  url: https://ftp.sra.ebi.ac.uk/vol1/fastq/SRR265/082/SRR26585982/SRR26585982_2.fastq.gz
  path: data/raw/sources/ncbi_sra/GSE246791/samples/GSM7877014/raw_reads/SRR26585982_2.fastq.gz
  bytes: 4483839450
  remote_etag: 10b41f5da-6097309688e00
  provider_md5: 38be6d2220b88053a6497e5631cacd23
  observed_md5: 38be6d2220b88053a6497e5631cacd23
  sha256: 178f7c22c9395f081ab9f8b1ec30d8fa5eb48f24d7eb5bd27333f2097b387a0a
  integrity: passed_full_gzip_stream_and_schema
  tar_members: null
- name: SRR26585984_1.fastq.gz
  role: selected_sample_demultiplexed_paired_end_read_1
  accession: GSM7877013
  url: https://ftp.sra.ebi.ac.uk/vol1/fastq/SRR265/084/SRR26585984/SRR26585984_1.fastq.gz
  path: data/raw/sources/ncbi_sra/GSE246791/samples/GSM7877013/raw_reads/SRR26585984_1.fastq.gz
  bytes: 6548518232
  remote_etag: 186527558-60973b849d780
  provider_md5: bf9f488e629953c4f0dfa6ca6b2fa219
  observed_md5: bf9f488e629953c4f0dfa6ca6b2fa219
  sha256: 698bc5a1c4b4d65d7570ef4229011700cfdad21c692965a1a4beacb4289c6d17
  integrity: passed_full_gzip_stream_and_schema
  tar_members: null
- name: SRR26585984_2.fastq.gz
  role: selected_sample_demultiplexed_paired_end_read_2
  accession: GSM7877013
  url: https://ftp.sra.ebi.ac.uk/vol1/fastq/SRR265/084/SRR26585984/SRR26585984_2.fastq.gz
  path: data/raw/sources/ncbi_sra/GSE246791/samples/GSM7877013/raw_reads/SRR26585984_2.fastq.gz
  bytes: 6459776893
  remote_etag: 181085f7d-60973b849d780
  provider_md5: 9425462ea9844e92a4ef2d67e16da70f
  observed_md5: 9425462ea9844e92a4ef2d67e16da70f
  sha256: 49da97bb4dded685b295c99e7146cba77fa27452b243b2b10a506505ab517209
  integrity: passed_full_gzip_stream_and_schema
  tar_members: null
- name: SRR26585876_1.fastq.gz
  role: selected_sample_demultiplexed_paired_end_read_1
  accession: GSM7877084
  url: https://ftp.sra.ebi.ac.uk/vol1/fastq/SRR265/076/SRR26585876/SRR26585876_1.fastq.gz
  path: data/raw/sources/ncbi_sra/GSE246791/samples/GSM7877084/raw_reads/SRR26585876_1.fastq.gz
  bytes: 13461701952
  remote_etag: 322614540-6097654842040
  provider_md5: 9aa264c4ffa9b16796603d24d8d3343d
  observed_md5: 9aa264c4ffa9b16796603d24d8d3343d
  sha256: 7ecf15433e9f50d32c7efde0326ece82d10ea0c14053684b5bba06c0244ca2af
  integrity: passed_full_gzip_stream_and_schema
  tar_members: null
- name: SRR26585876_2.fastq.gz
  role: selected_sample_demultiplexed_paired_end_read_2
  accession: GSM7877084
  url: https://ftp.sra.ebi.ac.uk/vol1/fastq/SRR265/076/SRR26585876/SRR26585876_2.fastq.gz
  path: data/raw/sources/ncbi_sra/GSE246791/samples/GSM7877084/raw_reads/SRR26585876_2.fastq.gz
  bytes: 13356889434
  remote_etag: 31c21f55a-6097654842040
  provider_md5: 2fda893032051813d80148a3a62ec40b
  observed_md5: 2fda893032051813d80148a3a62ec40b
  sha256: b2f693c11242f5ab510d64ce184f1f77e60792f8cd2cf164d971735cc491df5f
  integrity: passed_full_gzip_stream_and_schema
  tar_members: null
- name: SRR26585979_1.fastq.gz
  role: selected_sample_demultiplexed_paired_end_read_1
  accession: GSM7877017
  url: https://ftp.sra.ebi.ac.uk/vol1/fastq/SRR265/079/SRR26585979/SRR26585979_1.fastq.gz
  path: data/raw/sources/ncbi_sra/GSE246791/samples/GSM7877017/raw_reads/SRR26585979_1.fastq.gz
  bytes: 2735877254
  remote_etag: a3122c86-6097283e4de00
  provider_md5: 8f78ab9844909ecafeaa48a82e7d98ca
  observed_md5: 8f78ab9844909ecafeaa48a82e7d98ca
  sha256: 548382ee8706ddb597c0242be0cf78e5bf21b480f553f253e5c9a5e3421a3bc3
  integrity: passed_full_gzip_stream_and_schema
  tar_members: null
- name: SRR26585979_2.fastq.gz
  role: selected_sample_demultiplexed_paired_end_read_2
  accession: GSM7877017
  url: https://ftp.sra.ebi.ac.uk/vol1/fastq/SRR265/079/SRR26585979/SRR26585979_2.fastq.gz
  path: data/raw/sources/ncbi_sra/GSE246791/samples/GSM7877017/raw_reads/SRR26585979_2.fastq.gz
  bytes: 2737497001
  remote_etag: a32ae3a9-60972834c4780
  provider_md5: ff03c37447919c34d27a44a3de2bf880
  observed_md5: ff03c37447919c34d27a44a3de2bf880
  sha256: d1bbd6fb7f08f32e01c98808dda73ab63ca8d026fdaa74d9ece477e272d19e7b
  integrity: passed_full_gzip_stream_and_schema
  tar_members: null
- name: SRR26585932_1.fastq.gz
  role: selected_sample_demultiplexed_paired_end_read_1
  accession: GSM7876953
  url: https://ftp.sra.ebi.ac.uk/vol1/fastq/SRR265/032/SRR26585932/SRR26585932_1.fastq.gz
  path: data/raw/sources/ncbi_sra/GSE246791/samples/GSM7876953/raw_reads/SRR26585932_1.fastq.gz
  bytes: 2685630520
  remote_etag: a0137838-6095e56f904c0
  provider_md5: 15b715e0e9d843cb127bd1b705f13816
  observed_md5: 15b715e0e9d843cb127bd1b705f13816
  sha256: ae1f9520e2ad6a24605f88f02982e94820b7e3aacf878585302008faa76391ec
  integrity: passed_full_gzip_stream_and_schema
  tar_members: null
- name: SRR26585932_2.fastq.gz
  role: selected_sample_demultiplexed_paired_end_read_2
  accession: GSM7876953
  url: https://ftp.sra.ebi.ac.uk/vol1/fastq/SRR265/032/SRR26585932/SRR26585932_2.fastq.gz
  path: data/raw/sources/ncbi_sra/GSE246791/samples/GSM7876953/raw_reads/SRR26585932_2.fastq.gz
  bytes: 2686639175
  remote_etag: a022dc47-6095e57360dc0
  provider_md5: 1c77e97d27b4834d1722092083192931
  observed_md5: 1c77e97d27b4834d1722092083192931
  sha256: 87c4a2f7e2f96b039664f1f241405e50f8e6f053b4010ae010cfba903c25f25d
  integrity: passed_full_gzip_stream_and_schema
  tar_members: null
- name: SRR26585866_1.fastq.gz
  role: selected_sample_demultiplexed_paired_end_read_1
  accession: GSM7876902
  url: https://ftp.sra.ebi.ac.uk/vol1/fastq/SRR265/066/SRR26585866/SRR26585866_1.fastq.gz
  path: data/raw/sources/ncbi_sra/GSE246791/samples/GSM7876902/raw_reads/SRR26585866_1.fastq.gz
  bytes: 6941990752
  remote_etag: 19dc65f60-60973a0354a80
  provider_md5: dfca1b85093f5f5265b9cccf6341ce0c
  observed_md5: dfca1b85093f5f5265b9cccf6341ce0c
  sha256: 119dd63004346a24111255b223a29394b118cc302243a68f468818727083d22e
  integrity: passed_full_gzip_stream_and_schema
  tar_members: null
- name: SRR26585866_2.fastq.gz
  role: selected_sample_demultiplexed_paired_end_read_2
  accession: GSM7876902
  url: https://ftp.sra.ebi.ac.uk/vol1/fastq/SRR265/066/SRR26585866/SRR26585866_2.fastq.gz
  path: data/raw/sources/ncbi_sra/GSE246791/samples/GSM7876902/raw_reads/SRR26585866_2.fastq.gz
  bytes: 6886055630
  remote_etag: 19a70dece-60973b85919c0
  provider_md5: d05feadbb4366539cae5594fe11c9047
  observed_md5: d05feadbb4366539cae5594fe11c9047
  sha256: fad68703f2144a9032df3c79ec7fcce4601cc4043247fc228728016d1745dd19
  integrity: passed_full_gzip_stream_and_schema
  tar_members: null
- name: SRR26585890_1.fastq.gz
  role: selected_sample_demultiplexed_paired_end_read_1
  accession: GSM7877047
  url: https://ftp.sra.ebi.ac.uk/vol1/fastq/SRR265/090/SRR26585890/SRR26585890_1.fastq.gz
  path: data/raw/sources/ncbi_sra/GSE246791/samples/GSM7877047/raw_reads/SRR26585890_1.fastq.gz
  bytes: 5869431503
  remote_etag: 15dd86acf-6095f30a61dc0
  provider_md5: 7e2108ffde5b23039091b6b3354a205e
  observed_md5: 7e2108ffde5b23039091b6b3354a205e
  sha256: 84d76746e31dde81b62f4d4227aa0036f9bf3b7b58c9711190b864baa176e6be
  integrity: passed_full_gzip_stream_and_schema
  tar_members: null
- name: SRR26585890_2.fastq.gz
  role: selected_sample_demultiplexed_paired_end_read_2
  accession: GSM7877047
  url: https://ftp.sra.ebi.ac.uk/vol1/fastq/SRR265/090/SRR26585890/SRR26585890_2.fastq.gz
  path: data/raw/sources/ncbi_sra/GSE246791/samples/GSM7877047/raw_reads/SRR26585890_2.fastq.gz
  bytes: 5877975929
  remote_etag: 15e5acb79-6095f30a61dc0
  provider_md5: 46319746f0bb69d9fffa4e59d598397b
  observed_md5: 46319746f0bb69d9fffa4e59d598397b
  sha256: 2a812cdce1528deb75b2cab25739056d5a7bb8ded2fe6758f5d605a41adcdfc3
  integrity: passed_full_gzip_stream_and_schema
  tar_members: null
