schema_version: 1
source_dataset_id: shapemix_gse246791_adult_mouse_brain_reference
accession: GSE246791
completed_at: '2026-08-26T10:05:56.347883+00:00'
config: configs/data_sources/shapemix_gse246791_reference.yaml
resources: 17
total_bytes: 8018764799
files:
- name: GSE246791_family.soft.gz
  role: geo_family_metadata
  accession: GSE246791
  url: https://ftp.ncbi.nlm.nih.gov/geo/series/GSE246nnn/GSE246791/soft/GSE246791_family.soft.gz
  path: data/raw/sources/ncbi_geo/GSE246791/series_metadata/GSE246791_family.soft.gz
  bytes: 26931
  remote_etag: null
  sha256: 0b79b3901650d56934eb080e00234539a5a6523b3d141c5819dae7a2c50cf75a
  integrity: passed_full_gzip_stream_and_schema
  tar_members: null
- name: SI_Table_1.xlsx
  role: author_sample_dissection_metadata
  accession: GSE246791
  url: https://decoder-genetics.wustl.edu/catlasv1/wholemousebrain/data/Supplementary_Tables/SI%20Table%201%20Sample%20and%20dissection%20summary.xlsx
  path: data/raw/sources/ncbi_geo/GSE246791/portal_metadata/SI_Table_1.xlsx
  bytes: 30092
  remote_etag: 758c-6091649a8e580
  sha256: e268bd53751762791310ba4dd3913a7b5305b9735c2e98afd1be5769c44f3a4c
  integrity: passed_xlsx_zip_crc_and_manifest
  tar_members: null
- name: SI_Table_2_nuclei.txt
  role: author_cell_level_annotations
  accession: GSE246791
  url: https://decoder-genetics.wustl.edu/catlasv1/wholemousebrain/data/Supplementary_Tables/SI%20Table%202%20Metadata%20table%20for%20all%20the%202.3%20million%20nuclei%20in%20the%20snATAC-seq%20data.txt
  path: data/raw/sources/ncbi_geo/GSE246791/portal_metadata/SI_Table_2_nuclei.txt
  bytes: 364535893
  remote_etag: 15ba6055-607d64ad2f900
  sha256: c68814182ccea5bcd24320640a43b1507f9d988617083e00486e93b6b3b1e0de
  integrity: passed_exact_byte_transfer
  tar_members: null
- name: Subclass.names.map.csv
  role: author_subclass_name_map
  accession: GSE246791
  url: https://decoder-genetics.wustl.edu/catlasv1/wholemousebrain/data/Supplementary_Tables/Subclass.names.map.csv
  path: data/raw/sources/ncbi_geo/GSE246791/portal_metadata/Subclass.names.map.csv
  bytes: 41973
  remote_etag: a3f5-60a74c5e70640
  sha256: 328cf2648d98fde343ae2fd1859cd2beea757a3f9a3dcc4d0cbdc733559e2983
  integrity: passed_exact_byte_transfer
  tar_members: null
- name: wmb_meta.tsv
  role: author_sample_metadata
  accession: GSE246791
  url: https://decoder-genetics.wustl.edu/catlasv1/wholemousebrain/data/Supplementary_Tables/wmb_meta.tsv
  path: data/raw/sources/ncbi_geo/GSE246791/portal_metadata/wmb_meta.tsv
  bytes: 33266
  remote_etag: 81f2-60a9bf98956c0
  sha256: f31472e553eaac96c02066470b5b584f71f7e7831f137b2bcf1c158cc4e06a3e
  integrity: passed_exact_byte_transfer
  tar_members: null
- name: GSM7877041_CEMBA200820_7H_rm_dlt.h5ad.gz
  role: selected_sample_h5ad_with_raw_fragments
  accession: GSM7877041
  url: https://ftp.ncbi.nlm.nih.gov/geo/samples/GSM7877nnn/GSM7877041/suppl/GSM7877041_CEMBA200820_7H_rm_dlt.h5ad.gz
  path: data/raw/sources/ncbi_geo/GSE246791/samples/GSM7877041/source_files/GSM7877041_CEMBA200820_7H_rm_dlt.h5ad.gz
  bytes: 977386816
  remote_etag: null
  sha256: 3a23a4678193280b8149af5a7d0c72a2d2b51778bc590e615caa6abfbbad5e2d
  integrity: passed_full_gzip_stream_and_schema
  tar_members: null
- name: GSM7876942_CEMBA201217_14B_rm_dlt.h5ad.gz
  role: selected_sample_h5ad_with_raw_fragments
  accession: GSM7876942
  url: https://ftp.ncbi.nlm.nih.gov/geo/samples/GSM7876nnn/GSM7876942/suppl/GSM7876942_CEMBA201217_14B_rm_dlt.h5ad.gz
  path: data/raw/sources/ncbi_geo/GSE246791/samples/GSM7876942/source_files/GSM7876942_CEMBA201217_14B_rm_dlt.h5ad.gz
  bytes: 736108390
  remote_etag: null
  sha256: 4f5c12fb5edb3f95c47121c776ef6cb01def4d2ef80feabd0604799f320f92ae
  integrity: passed_full_gzip_stream_and_schema
  tar_members: null
- name: GSM7877006_CEMBA190212_9H_rm_dlt.h5ad.gz
  role: selected_sample_h5ad_with_raw_fragments
  accession: GSM7877006
  url: https://ftp.ncbi.nlm.nih.gov/geo/samples/GSM7877nnn/GSM7877006/suppl/GSM7877006_CEMBA190212_9H_rm_dlt.h5ad.gz
  path: data/raw/sources/ncbi_geo/GSE246791/samples/GSM7877006/source_files/GSM7877006_CEMBA190212_9H_rm_dlt.h5ad.gz
  bytes: 563118144
  remote_etag: null
  sha256: b7b271e69ebc07f0a76b5ee50f01ae944f48e82690ce2b0beaacd0e2ccf7026c
  integrity: passed_full_gzip_stream_and_schema
  tar_members: null
- name: GSM7877102_CEMBA200305_7J_rm_dlt.h5ad.gz
  role: selected_sample_h5ad_with_raw_fragments
  accession: GSM7877102
  url: https://ftp.ncbi.nlm.nih.gov/geo/samples/GSM7877nnn/GSM7877102/suppl/GSM7877102_CEMBA200305_7J_rm_dlt.h5ad.gz
  path: data/raw/sources/ncbi_geo/GSE246791/samples/GSM7877102/source_files/GSM7877102_CEMBA200305_7J_rm_dlt.h5ad.gz
  bytes: 428260026
  remote_etag: null
  sha256: 6660937b0e3f694b914a79f0eaa6e949bac4bd1c3a6f640b54683094fca48976
  integrity: passed_full_gzip_stream_and_schema
  tar_members: null
- name: GSM7877014_CEMBA171206_3C_rm_dlt.h5ad.gz
  role: selected_sample_h5ad_with_raw_fragments
  accession: GSM7877014
  url: https://ftp.ncbi.nlm.nih.gov/geo/samples/GSM7877nnn/GSM7877014/suppl/GSM7877014_CEMBA171206_3C_rm_dlt.h5ad.gz
  path: data/raw/sources/ncbi_geo/GSE246791/samples/GSM7877014/source_files/GSM7877014_CEMBA171206_3C_rm_dlt.h5ad.gz
  bytes: 610098333
  remote_etag: null
  sha256: 82b03694242fb0dcd1ef69ccc59f39e1d0ea14647e2e1016ed5026fef40ab5ac
  integrity: passed_full_gzip_stream_and_schema
  tar_members: null
- name: GSM7877013_CEMBA200730_11H_rm_dlt.h5ad.gz
  role: selected_sample_h5ad_with_raw_fragments
  accession: GSM7877013
  url: https://ftp.ncbi.nlm.nih.gov/geo/samples/GSM7877nnn/GSM7877013/suppl/GSM7877013_CEMBA200730_11H_rm_dlt.h5ad.gz
  path: data/raw/sources/ncbi_geo/GSE246791/samples/GSM7877013/source_files/GSM7877013_CEMBA200730_11H_rm_dlt.h5ad.gz
  bytes: 681585629
  remote_etag: null
  sha256: c65fd1c6e060ae8f96667d37c9de800f9a62f469e5b09512f3cdbcb470bd7f30
  integrity: passed_full_gzip_stream_and_schema
  tar_members: null
- name: GSM7877084_CEMBA210408_15C_rm_dlt.h5ad.gz
  role: selected_sample_h5ad_with_raw_fragments
  accession: GSM7877084
  url: https://ftp.ncbi.nlm.nih.gov/geo/samples/GSM7877nnn/GSM7877084/suppl/GSM7877084_CEMBA210408_15C_rm_dlt.h5ad.gz
  path: data/raw/sources/ncbi_geo/GSE246791/samples/GSM7877084/source_files/GSM7877084_CEMBA210408_15C_rm_dlt.h5ad.gz
  bytes: 932941222
  remote_etag: null
  sha256: 60e2d37df651f2844425822648bc5b450dc55cb2da0b881eb6a53ba13c96c1b4
  integrity: passed_full_gzip_stream_and_schema
  tar_members: null
- name: GSM7877017_CEMBA180119_1B_rm_dlt.h5ad.gz
  role: selected_sample_h5ad_with_raw_fragments
  accession: GSM7877017
  url: https://ftp.ncbi.nlm.nih.gov/geo/samples/GSM7877nnn/GSM7877017/suppl/GSM7877017_CEMBA180119_1B_rm_dlt.h5ad.gz
  path: data/raw/sources/ncbi_geo/GSE246791/samples/GSM7877017/source_files/GSM7877017_CEMBA180119_1B_rm_dlt.h5ad.gz
  bytes: 397429127
  remote_etag: null
  sha256: d82e0c4b004c16d69e3c1b3760150e278f876637c2174cd261b0000cad9ca04b
  integrity: passed_full_gzip_stream_and_schema
  tar_members: null
- name: GSM7876953_CEMBA180724_4H_rm_dlt.h5ad.gz
  role: selected_sample_h5ad_with_raw_fragments
  accession: GSM7876953
  url: https://ftp.ncbi.nlm.nih.gov/geo/samples/GSM7876nnn/GSM7876953/suppl/GSM7876953_CEMBA180724_4H_rm_dlt.h5ad.gz
  path: data/raw/sources/ncbi_geo/GSE246791/samples/GSM7876953/source_files/GSM7876953_CEMBA180724_4H_rm_dlt.h5ad.gz
  bytes: 505490346
  remote_etag: null
  sha256: 41ccb7d91eb324ba741898ceb246b585b0d37c21397adf9f930c2527e528cc30
  integrity: passed_full_gzip_stream_and_schema
  tar_members: null
- name: GSM7876902_CEMBA200917_14C_rm_dlt.h5ad.gz
  role: selected_sample_h5ad_with_raw_fragments
  accession: GSM7876902
  url: https://ftp.ncbi.nlm.nih.gov/geo/samples/GSM7876nnn/GSM7876902/suppl/GSM7876902_CEMBA200917_14C_rm_dlt.h5ad.gz
  path: data/raw/sources/ncbi_geo/GSE246791/samples/GSM7876902/source_files/GSM7876902_CEMBA200917_14C_rm_dlt.h5ad.gz
  bytes: 865933496
  remote_etag: null
  sha256: cecd2f520d0521edf17409754d84f881176495fe2008d4258713de031ba3ea48
  integrity: passed_full_gzip_stream_and_schema
  tar_members: null
- name: GSM7877011_CEMBA171214_4D_rm_dlt.h5ad.gz
  role: selected_sample_h5ad_with_raw_fragments
  accession: GSM7877011
  url: https://ftp.ncbi.nlm.nih.gov/geo/samples/GSM7877nnn/GSM7877011/suppl/GSM7877011_CEMBA171214_4D_rm_dlt.h5ad.gz
  path: data/raw/sources/ncbi_geo/GSE246791/samples/GSM7877011/source_files/GSM7877011_CEMBA171214_4D_rm_dlt.h5ad.gz
  bytes: 367439433
  remote_etag: null
  sha256: 57bf1dcc2a25de5935a23bb184866f2f0fd583d33b8fcf5ac19dd15b2d7620fe
  integrity: passed_full_gzip_stream_and_schema
  tar_members: null
- name: GSM7877047_CEMBA190423_10G_rm_dlt.h5ad.gz
  role: selected_sample_h5ad_with_raw_fragments
  accession: GSM7877047
  url: https://ftp.ncbi.nlm.nih.gov/geo/samples/GSM7877nnn/GSM7877047/suppl/GSM7877047_CEMBA190423_10G_rm_dlt.h5ad.gz
  path: data/raw/sources/ncbi_geo/GSE246791/samples/GSM7877047/source_files/GSM7877047_CEMBA190423_10G_rm_dlt.h5ad.gz
  bytes: 588305682
  remote_etag: null
  sha256: 9b1dd0620a07de0e5bac80c92095c2900bfa3b50d1109f0057555e2b49a00b56
  integrity: passed_full_gzip_stream_and_schema
  tar_members: null
