schema_version: 1
source_dataset_id: gse129785_immune
accession: GSE129785
completed_at: '2026-08-24T05:33:12.223752+00:00'
config: configs/data_sources/shapemix_gse129785.yaml
scope: all
resources: 43
total_bytes: 40071277814
files:
- name: GSE129785_family.soft.gz
  role: geo_family_metadata
  url: https://ftp.ncbi.nlm.nih.gov/geo/series/GSE129nnn/GSE129785/soft/GSE129785_family.soft.gz
  path: data/raw/sources/ncbi_geo/GSE129785/series_metadata/GSE129785_family.soft.gz
  gsm: null
  bytes: 12623
  sha256: 9698e739b3351b1318ed3bb77f2fbb0166043e21320d10ba47ad28e445d0447a
  gzip_integrity: passed_full_gzip_stream
  fragment_schema: not_applicable
- name: GSE129785_scATAC-Hematopoiesis-All.cell_barcodes.txt.gz
  role: author_cell_metadata_and_filtered_barcodes
  url: https://ftp.ncbi.nlm.nih.gov/geo/series/GSE129nnn/GSE129785/suppl/GSE129785_scATAC-Hematopoiesis-All.cell_barcodes.txt.gz
  path: data/raw/sources/ncbi_geo/GSE129785/series_metadata/GSE129785_scATAC-Hematopoiesis-All.cell_barcodes.txt.gz
  gsm: null
  bytes: 2997948
  sha256: 55fd77dc8980044df334a24dbc8e0c4a8fe08a3959c09a0321736795d5a14980
  gzip_integrity: passed_full_gzip_stream
  fragment_schema: not_applicable
- name: GSE129785_scATAC-Hematopoiesis-All.peaks.txt.gz
  role: author_hg19_peak_axis
  url: https://ftp.ncbi.nlm.nih.gov/geo/series/GSE129nnn/GSE129785/suppl/GSE129785_scATAC-Hematopoiesis-All.peaks.txt.gz
  path: data/raw/sources/ncbi_geo/GSE129785/series_metadata/GSE129785_scATAC-Hematopoiesis-All.peaks.txt.gz
  gsm: null
  bytes: 4478236
  sha256: 712e61e7bcdec1a3d1d2dabd2b3e74acb07c2a411c2c24d5e9dc91c41bafc891
  gzip_integrity: passed_full_gzip_stream
  fragment_schema: not_applicable
- name: GSE129785_scATAC-Hematopoiesis-All.mtx.gz
  role: author_peak_by_cell_count_matrix
  url: https://ftp.ncbi.nlm.nih.gov/geo/series/GSE129nnn/GSE129785/suppl/GSE129785_scATAC-Hematopoiesis-All.mtx.gz
  path: data/raw/sources/ncbi_geo/GSE129785/series_metadata/GSE129785_scATAC-Hematopoiesis-All.mtx.gz
  gsm: null
  bytes: 6401829819
  sha256: b96d888d1a1f87ab54c80d3b2262f9c586764896c569f342bb9446f3ee8eaa6a
  gzip_integrity: passed_plain_matrix_market_header_and_size
  fragment_schema: not_applicable
- name: GSE129785_scATAC-PBMCs-Fresh.cell_barcodes.txt.gz
  role: author_fresh_pbmc_cell_metadata
  url: https://ftp.ncbi.nlm.nih.gov/geo/series/GSE129nnn/GSE129785/suppl/GSE129785_scATAC-PBMCs-Fresh.cell_barcodes.txt.gz
  path: data/raw/sources/ncbi_geo/GSE129785/series_metadata/GSE129785_scATAC-PBMCs-Fresh.cell_barcodes.txt.gz
  gsm: null
  bytes: 196840
  sha256: 977db8af933329facbf0c644fb93b96fc82988d0ff7f68979fa22c25e3416621
  gzip_integrity: passed_full_gzip_stream
  fragment_schema: not_applicable
- name: GSE129785_scATAC-PBMCs-Fresh.peaks.txt.gz
  role: author_fresh_pbmc_peak_axis
  url: https://ftp.ncbi.nlm.nih.gov/geo/series/GSE129nnn/GSE129785/suppl/GSE129785_scATAC-PBMCs-Fresh.peaks.txt.gz
  path: data/raw/sources/ncbi_geo/GSE129785/series_metadata/GSE129785_scATAC-PBMCs-Fresh.peaks.txt.gz
  gsm: null
  bytes: 1895199
  sha256: e06df611a97c1d098ad476654819ad81e7d6aba4922cbf5295fae6725ad5657f
  gzip_integrity: passed_full_gzip_stream
  fragment_schema: not_applicable
- name: GSE129785_scATAC-PBMCs-Fresh.mtx.gz
  role: author_fresh_pbmc_count_matrix
  url: https://ftp.ncbi.nlm.nih.gov/geo/series/GSE129nnn/GSE129785/suppl/GSE129785_scATAC-PBMCs-Fresh.mtx.gz
  path: data/raw/sources/ncbi_geo/GSE129785/series_metadata/GSE129785_scATAC-PBMCs-Fresh.mtx.gz
  gsm: null
  bytes: 435069738
  sha256: 96439daadf93fb46d6f73d39c40393a4067c6bc4c66c79487f7f1d08e2eea9c6
  gzip_integrity: passed_plain_matrix_market_header_and_size
  fragment_schema: not_applicable
- name: GSE129785_scATAC-PBMCs-Frozen.cell_barcodes.txt.gz
  role: author_frozen_unsorted_pbmc_cell_metadata
  url: https://ftp.ncbi.nlm.nih.gov/geo/series/GSE129nnn/GSE129785/suppl/GSE129785_scATAC-PBMCs-Frozen.cell_barcodes.txt.gz
  path: data/raw/sources/ncbi_geo/GSE129785/series_metadata/GSE129785_scATAC-PBMCs-Frozen.cell_barcodes.txt.gz
  gsm: null
  bytes: 233694
  sha256: 0389e015c0586bf61f24076d57d74bcbfee18b293fa1d61809e28e822fb45311
  gzip_integrity: passed_full_gzip_stream
  fragment_schema: not_applicable
- name: GSE129785_scATAC-PBMCs-Frozen.peaks.txt.gz
  role: author_frozen_unsorted_pbmc_peak_axis
  url: https://ftp.ncbi.nlm.nih.gov/geo/series/GSE129nnn/GSE129785/suppl/GSE129785_scATAC-PBMCs-Frozen.peaks.txt.gz
  path: data/raw/sources/ncbi_geo/GSE129785/series_metadata/GSE129785_scATAC-PBMCs-Frozen.peaks.txt.gz
  gsm: null
  bytes: 1221204
  sha256: 55d80c6a6ebc901cc5bdc895e496ba73fa79adfdbfde7eec420c7abda488c8d3
  gzip_integrity: passed_full_gzip_stream
  fragment_schema: not_applicable
- name: GSE129785_scATAC-PBMCs-Frozen.mtx.gz
  role: author_frozen_unsorted_pbmc_count_matrix
  url: https://ftp.ncbi.nlm.nih.gov/geo/series/GSE129nnn/GSE129785/suppl/GSE129785_scATAC-PBMCs-Frozen.mtx.gz
  path: data/raw/sources/ncbi_geo/GSE129785/series_metadata/GSE129785_scATAC-PBMCs-Frozen.mtx.gz
  gsm: null
  bytes: 219376435
  sha256: d7b6324d3e9a045bd193cc17a0cea79cb2733224b928f656357b3e7478f4ecde
  gzip_integrity: passed_plain_matrix_market_header_and_size
  fragment_schema: not_applicable
- name: GSE129785_scATAC-PBMCs-FrozenSort.cell_barcodes.txt.gz
  role: author_frozen_sorted_pbmc_cell_metadata
  url: https://ftp.ncbi.nlm.nih.gov/geo/series/GSE129nnn/GSE129785/suppl/GSE129785_scATAC-PBMCs-FrozenSort.cell_barcodes.txt.gz
  path: data/raw/sources/ncbi_geo/GSE129785/series_metadata/GSE129785_scATAC-PBMCs-FrozenSort.cell_barcodes.txt.gz
  gsm: null
  bytes: 212395
  sha256: e78571664e1db05084725f10ae1cda1294c5c05060e660192fa0bee32bac8a00
  gzip_integrity: passed_full_gzip_stream
  fragment_schema: not_applicable
- name: GSE129785_scATAC-PBMCs-FrozenSort.peaks.txt.gz
  role: author_frozen_sorted_pbmc_peak_axis
  url: https://ftp.ncbi.nlm.nih.gov/geo/series/GSE129nnn/GSE129785/suppl/GSE129785_scATAC-PBMCs-FrozenSort.peaks.txt.gz
  path: data/raw/sources/ncbi_geo/GSE129785/series_metadata/GSE129785_scATAC-PBMCs-FrozenSort.peaks.txt.gz
  gsm: null
  bytes: 1351700
  sha256: 801195392a2822dbbead90c368580530a90f054aeda3a9461df5ef644df50fe3
  gzip_integrity: passed_full_gzip_stream
  fragment_schema: not_applicable
- name: GSE129785_scATAC-PBMCs-FrozenSort.mtx.gz
  role: author_frozen_sorted_pbmc_count_matrix
  url: https://ftp.ncbi.nlm.nih.gov/geo/series/GSE129nnn/GSE129785/suppl/GSE129785_scATAC-PBMCs-FrozenSort.mtx.gz
  path: data/raw/sources/ncbi_geo/GSE129785/series_metadata/GSE129785_scATAC-PBMCs-FrozenSort.mtx.gz
  gsm: null
  bytes: 334965527
  sha256: 8f521c87585f9a9816b4d3a4ca9e702c05b9fb893a336d3d7804e069d615e8f3
  gzip_integrity: passed_plain_matrix_market_header_and_size
  fragment_schema: not_applicable
- name: GSM3722011_0p1_99p9_CD4Mem_CD8Naive_fragments.tsv.gz
  role: physical_dilution
  url: https://ftp.ncbi.nlm.nih.gov/geo/samples/GSM3722nnn/GSM3722011/suppl/GSM3722011_0p1_99p9_CD4Mem_CD8Naive_fragments.tsv.gz
  path: data/raw/sources/ncbi_geo/GSE129785/samples/GSM3722011/source_files/GSM3722011_0p1_99p9_CD4Mem_CD8Naive_fragments.tsv.gz
  gsm: GSM3722011
  bytes: 731727387
  sha256: 0cfce48a41b816e8e6286bd930edea5a613381caf4bb8c1c079e43e4045d07cc
  gzip_integrity: passed_full_gzip_stream
  fragment_schema: passed_10000_prefix_rows
- name: GSM3722013_0p5_99p5_CD4Mem_CD8Naive_fragments.tsv.gz
  role: physical_dilution
  url: https://ftp.ncbi.nlm.nih.gov/geo/samples/GSM3722nnn/GSM3722013/suppl/GSM3722013_0p5_99p5_CD4Mem_CD8Naive_fragments.tsv.gz
  path: data/raw/sources/ncbi_geo/GSE129785/samples/GSM3722013/source_files/GSM3722013_0p5_99p5_CD4Mem_CD8Naive_fragments.tsv.gz
  gsm: GSM3722013
  bytes: 702003977
  sha256: bed29fbb49b71361c824bae7f6e59c3f8930a9bf93b60d6840d6616bbd1b89c2
  gzip_integrity: passed_full_gzip_stream
  fragment_schema: passed_10000_prefix_rows
- name: GSM3722016_1_99_CD4Mem_CD8Naive_fragments.tsv.gz
  role: physical_dilution
  url: https://ftp.ncbi.nlm.nih.gov/geo/samples/GSM3722nnn/GSM3722016/suppl/GSM3722016_1_99_CD4Mem_CD8Naive_fragments.tsv.gz
  path: data/raw/sources/ncbi_geo/GSE129785/samples/GSM3722016/source_files/GSM3722016_1_99_CD4Mem_CD8Naive_fragments.tsv.gz
  gsm: GSM3722016
  bytes: 893430041
  sha256: 07bdc9e24238e432abffa63e4d3c70ac4b3020d16453ed15954151e571419d6a
  gzip_integrity: passed_full_gzip_stream
  fragment_schema: passed_10000_prefix_rows
- name: GSM3722018_50_50_CD4Mem_CD8Naive_fragments.tsv.gz
  role: physical_dilution
  url: https://ftp.ncbi.nlm.nih.gov/geo/samples/GSM3722nnn/GSM3722018/suppl/GSM3722018_50_50_CD4Mem_CD8Naive_fragments.tsv.gz
  path: data/raw/sources/ncbi_geo/GSE129785/samples/GSM3722018/source_files/GSM3722018_50_50_CD4Mem_CD8Naive_fragments.tsv.gz
  gsm: GSM3722018
  bytes: 113652148
  sha256: 50542caac105ba4b9b51bbde164d78ed12bac831d5405e5665a10191c59e23b6
  gzip_integrity: passed_full_gzip_stream
  fragment_schema: passed_10000_prefix_rows
- name: GSM3722020_99_1_CD4Mem_CD8Naive_fragments.tsv.gz
  role: physical_dilution
  url: https://ftp.ncbi.nlm.nih.gov/geo/samples/GSM3722nnn/GSM3722020/suppl/GSM3722020_99_1_CD4Mem_CD8Naive_fragments.tsv.gz
  path: data/raw/sources/ncbi_geo/GSE129785/samples/GSM3722020/source_files/GSM3722020_99_1_CD4Mem_CD8Naive_fragments.tsv.gz
  gsm: GSM3722020
  bytes: 1947832988
  sha256: a28ee8d8e36778935e72dc3e29c3ddf95814d4d9f0c0a2a278d3fc95dfded5fa
  gzip_integrity: passed_full_gzip_stream
  fragment_schema: passed_10000_prefix_rows
- name: GSM3722022_99p5_0p5_CD4Mem_CD8Naive_fragments.tsv.gz
  role: physical_dilution
  url: https://ftp.ncbi.nlm.nih.gov/geo/samples/GSM3722nnn/GSM3722022/suppl/GSM3722022_99p5_0p5_CD4Mem_CD8Naive_fragments.tsv.gz
  path: data/raw/sources/ncbi_geo/GSE129785/samples/GSM3722022/source_files/GSM3722022_99p5_0p5_CD4Mem_CD8Naive_fragments.tsv.gz
  gsm: GSM3722022
  bytes: 1855420794
  sha256: a1a4b9260fa116428c23f3565be275442bc2b813d646e3450dc7890a530d5e49
  gzip_integrity: passed_full_gzip_stream
  fragment_schema: passed_10000_prefix_rows
- name: GSM3722024_99p9_0p1_CD4Mem_CD8Naive_fragments.tsv.gz
  role: physical_dilution
  url: https://ftp.ncbi.nlm.nih.gov/geo/samples/GSM3722nnn/GSM3722024/suppl/GSM3722024_99p9_0p1_CD4Mem_CD8Naive_fragments.tsv.gz
  path: data/raw/sources/ncbi_geo/GSE129785/samples/GSM3722024/source_files/GSM3722024_99p9_0p1_CD4Mem_CD8Naive_fragments.tsv.gz
  gsm: GSM3722024
  bytes: 2284066079
  sha256: 892098ad69a6cc5c0fc9d8544b79dfb94cd491d774f55d75ae5bfd3e480fadb6
  gzip_integrity: passed_full_gzip_stream
  fragment_schema: passed_10000_prefix_rows
- name: GSM3722012_0p1_99p9_Mono_T_fragments.tsv.gz
  role: physical_dilution
  url: https://ftp.ncbi.nlm.nih.gov/geo/samples/GSM3722nnn/GSM3722012/suppl/GSM3722012_0p1_99p9_Mono_T_fragments.tsv.gz
  path: data/raw/sources/ncbi_geo/GSE129785/samples/GSM3722012/source_files/GSM3722012_0p1_99p9_Mono_T_fragments.tsv.gz
  gsm: GSM3722012
  bytes: 1079944182
  sha256: 708b764bebd3f942965ba3f9444548d4001c63abd4994f56128b4b5d196bad4a
  gzip_integrity: passed_full_gzip_stream
  fragment_schema: passed_10000_prefix_rows
- name: GSM3722014_0p5_99p5_Mono_T_fragments.tsv.gz
  role: physical_dilution
  url: https://ftp.ncbi.nlm.nih.gov/geo/samples/GSM3722nnn/GSM3722014/suppl/GSM3722014_0p5_99p5_Mono_T_fragments.tsv.gz
  path: data/raw/sources/ncbi_geo/GSE129785/samples/GSM3722014/source_files/GSM3722014_0p5_99p5_Mono_T_fragments.tsv.gz
  gsm: GSM3722014
  bytes: 1073241461
  sha256: 3219fa07a95d252a50e15b7171320bbe7d176190bf360503deda0bcaf59b73e6
  gzip_integrity: passed_full_gzip_stream
  fragment_schema: passed_10000_prefix_rows
- name: GSM3722017_1_99_Mono_T_fragments.tsv.gz
  role: physical_dilution
  url: https://ftp.ncbi.nlm.nih.gov/geo/samples/GSM3722nnn/GSM3722017/suppl/GSM3722017_1_99_Mono_T_fragments.tsv.gz
  path: data/raw/sources/ncbi_geo/GSE129785/samples/GSM3722017/source_files/GSM3722017_1_99_Mono_T_fragments.tsv.gz
  gsm: GSM3722017
  bytes: 1154622536
  sha256: 776b22362825674875959fa4dfacdd8c58ae1c79eb3747dcae2d3ecf54f536f3
  gzip_integrity: passed_full_gzip_stream
  fragment_schema: passed_10000_prefix_rows
- name: GSM3722019_50_50_Mono_T_fragments.tsv.gz
  role: physical_dilution
  url: https://ftp.ncbi.nlm.nih.gov/geo/samples/GSM3722nnn/GSM3722019/suppl/GSM3722019_50_50_Mono_T_fragments.tsv.gz
  path: data/raw/sources/ncbi_geo/GSE129785/samples/GSM3722019/source_files/GSM3722019_50_50_Mono_T_fragments.tsv.gz
  gsm: GSM3722019
  bytes: 154006009
  sha256: b0012f69ded15cb3324908f0f7bb9c262ca017e485e6a461e4f2dc2d3135c3e9
  gzip_integrity: passed_full_gzip_stream
  fragment_schema: passed_10000_prefix_rows
- name: GSM3722021_99_1_MonoT_fragments.tsv.gz
  role: physical_dilution
  url: https://ftp.ncbi.nlm.nih.gov/geo/samples/GSM3722nnn/GSM3722021/suppl/GSM3722021_99_1_MonoT_fragments.tsv.gz
  path: data/raw/sources/ncbi_geo/GSE129785/samples/GSM3722021/source_files/GSM3722021_99_1_MonoT_fragments.tsv.gz
  gsm: GSM3722021
  bytes: 3241578529
  sha256: 4716a98e8f3767cf4e47919e79dc650b380a4fcb2ccfe6b13f3abf89ba4e7735
  gzip_integrity: passed_full_gzip_stream
  fragment_schema: passed_10000_prefix_rows
- name: GSM3722023_99p5_0p5_MonoT_fragments.tsv.gz
  role: physical_dilution
  url: https://ftp.ncbi.nlm.nih.gov/geo/samples/GSM3722nnn/GSM3722023/suppl/GSM3722023_99p5_0p5_MonoT_fragments.tsv.gz
  path: data/raw/sources/ncbi_geo/GSE129785/samples/GSM3722023/source_files/GSM3722023_99p5_0p5_MonoT_fragments.tsv.gz
  gsm: GSM3722023
  bytes: 3286877596
  sha256: c28ee57c519574efb7869eec29c9eb149b947513dd387138387c595b5303b6a9
  gzip_integrity: passed_full_gzip_stream
  fragment_schema: passed_10000_prefix_rows
- name: GSM3722025_99p9_0p1_Mono_T_fragments.tsv.gz
  role: physical_dilution
  url: https://ftp.ncbi.nlm.nih.gov/geo/samples/GSM3722nnn/GSM3722025/suppl/GSM3722025_99p9_0p1_Mono_T_fragments.tsv.gz
  path: data/raw/sources/ncbi_geo/GSE129785/samples/GSM3722025/source_files/GSM3722025_99p9_0p1_Mono_T_fragments.tsv.gz
  gsm: GSM3722025
  bytes: 3395284435
  sha256: ba333455b49faef34aeaf6dfe2494853b80b6f360f584b877371a00061855cf4
  gzip_integrity: passed_full_gzip_stream
  fragment_schema: passed_10000_prefix_rows
- name: GSM3722026_Dendritic_Cells_fragments.tsv.gz
  role: sorted_reference
  url: https://ftp.ncbi.nlm.nih.gov/geo/samples/GSM3722nnn/GSM3722026/suppl/GSM3722026_Dendritic_Cells_fragments.tsv.gz
  path: data/raw/sources/ncbi_geo/GSE129785/samples/GSM3722026/source_files/GSM3722026_Dendritic_Cells_fragments.tsv.gz
  gsm: GSM3722026
  bytes: 436638527
  sha256: f7df55fc158a987c318297317d8de377ed06b13be8fb62afc7a776ef010897d1
  gzip_integrity: passed_full_gzip_stream
  fragment_schema: passed_10000_prefix_rows
- name: GSM3722027_Monocytes_fragments.tsv.gz
  role: sorted_reference
  url: https://ftp.ncbi.nlm.nih.gov/geo/samples/GSM3722nnn/GSM3722027/suppl/GSM3722027_Monocytes_fragments.tsv.gz
  path: data/raw/sources/ncbi_geo/GSE129785/samples/GSM3722027/source_files/GSM3722027_Monocytes_fragments.tsv.gz
  gsm: GSM3722027
  bytes: 441473375
  sha256: 9b4b7bd4b6ceb51a8a6411ad4d50356ff2f6eb42d7d4d6755c60ca9de80fb2fa
  gzip_integrity: passed_full_gzip_stream
  fragment_schema: passed_10000_prefix_rows
- name: GSM3722028_B_Cells_fragments.tsv.gz
  role: sorted_reference
  url: https://ftp.ncbi.nlm.nih.gov/geo/samples/GSM3722nnn/GSM3722028/suppl/GSM3722028_B_Cells_fragments.tsv.gz
  path: data/raw/sources/ncbi_geo/GSE129785/samples/GSM3722028/source_files/GSM3722028_B_Cells_fragments.tsv.gz
  gsm: GSM3722028
  bytes: 452922455
  sha256: 433ef5c8baac36d0e1fe187888e313bb3431cdb3b3d93a28ae2e502f3232e2b7
  gzip_integrity: passed_full_gzip_stream
  fragment_schema: passed_10000_prefix_rows
- name: GSM3722030_Regulatory_T_Cells_fragments.tsv.gz
  role: sorted_reference
  url: https://ftp.ncbi.nlm.nih.gov/geo/samples/GSM3722nnn/GSM3722030/suppl/GSM3722030_Regulatory_T_Cells_fragments.tsv.gz
  path: data/raw/sources/ncbi_geo/GSE129785/samples/GSM3722030/source_files/GSM3722030_Regulatory_T_Cells_fragments.tsv.gz
  gsm: GSM3722030
  bytes: 369237844
  sha256: 5c87d7e6a13c8660bbe1175399c360f18f53cc8d6c80282575e6d787a6e8eba8
  gzip_integrity: passed_full_gzip_stream
  fragment_schema: passed_10000_prefix_rows
- name: GSM3722031_Naive_CD4_T_Cells_Rep1_fragments.tsv.gz
  role: sorted_reference
  url: https://ftp.ncbi.nlm.nih.gov/geo/samples/GSM3722nnn/GSM3722031/suppl/GSM3722031_Naive_CD4_T_Cells_Rep1_fragments.tsv.gz
  path: data/raw/sources/ncbi_geo/GSE129785/samples/GSM3722031/source_files/GSM3722031_Naive_CD4_T_Cells_Rep1_fragments.tsv.gz
  gsm: GSM3722031
  bytes: 120081153
  sha256: c56b5a372a68efd46cffa59321111c4140033e73eafa83e5f178d9467a50b342
  gzip_integrity: passed_full_gzip_stream
  fragment_schema: passed_10000_prefix_rows
- name: GSM3722032_Memory_CD4_T_Cells_Rep1_fragments.tsv.gz
  role: sorted_reference
  url: https://ftp.ncbi.nlm.nih.gov/geo/samples/GSM3722nnn/GSM3722032/suppl/GSM3722032_Memory_CD4_T_Cells_Rep1_fragments.tsv.gz
  path: data/raw/sources/ncbi_geo/GSE129785/samples/GSM3722032/source_files/GSM3722032_Memory_CD4_T_Cells_Rep1_fragments.tsv.gz
  gsm: GSM3722032
  bytes: 184530733
  sha256: dc20976df4f2a3e7ba58fad2cb4c2a1ce8b989d77172918fd7108fdf0efd3b92
  gzip_integrity: passed_full_gzip_stream
  fragment_schema: passed_10000_prefix_rows
- name: GSM3722036_NK_Cells_fragments.tsv.gz
  role: sorted_reference
  url: https://ftp.ncbi.nlm.nih.gov/geo/samples/GSM3722nnn/GSM3722036/suppl/GSM3722036_NK_Cells_fragments.tsv.gz
  path: data/raw/sources/ncbi_geo/GSE129785/samples/GSM3722036/source_files/GSM3722036_NK_Cells_fragments.tsv.gz
  gsm: GSM3722036
  bytes: 229291753
  sha256: 7c2c4810e0d9afedd224c44fd57a03bfaf38984eeb181861d6a845239ef388c8
  gzip_integrity: passed_full_gzip_stream
  fragment_schema: passed_10000_prefix_rows
- name: GSM3722037_Naive_CD8_T_Cells_fragments.tsv.gz
  role: sorted_reference
  url: https://ftp.ncbi.nlm.nih.gov/geo/samples/GSM3722nnn/GSM3722037/suppl/GSM3722037_Naive_CD8_T_Cells_fragments.tsv.gz
  path: data/raw/sources/ncbi_geo/GSE129785/samples/GSM3722037/source_files/GSM3722037_Naive_CD8_T_Cells_fragments.tsv.gz
  gsm: GSM3722037
  bytes: 211204341
  sha256: cc1660b52edfabbd75d48321d0c7cfcfe569dd3e60bc3ea2c982f5be0a741163
  gzip_integrity: passed_full_gzip_stream
  fragment_schema: passed_10000_prefix_rows
- name: GSM3722038_Memory_CD8_T_Cells_fragments.tsv.gz
  role: sorted_reference
  url: https://ftp.ncbi.nlm.nih.gov/geo/samples/GSM3722nnn/GSM3722038/suppl/GSM3722038_Memory_CD8_T_Cells_fragments.tsv.gz
  path: data/raw/sources/ncbi_geo/GSE129785/samples/GSM3722038/source_files/GSM3722038_Memory_CD8_T_Cells_fragments.tsv.gz
  gsm: GSM3722038
  bytes: 277186281
  sha256: ffe31de0268de90006e6a4f7808a5dad4557bc07fe54b46c175748bf4f46922a
  gzip_integrity: passed_full_gzip_stream
  fragment_schema: passed_10000_prefix_rows
- name: GSM3722015_PBMC_Rep1_fragments.tsv.gz
  role: pbmc_evaluation
  url: https://ftp.ncbi.nlm.nih.gov/geo/samples/GSM3722nnn/GSM3722015/suppl/GSM3722015_PBMC_Rep1_fragments.tsv.gz
  path: data/raw/sources/ncbi_geo/GSE129785/samples/GSM3722015/source_files/GSM3722015_PBMC_Rep1_fragments.tsv.gz
  gsm: GSM3722015
  bytes: 2296660263
  sha256: c3d9ab489a9578f539c7b45263374daa6c6a556829a88fa806d9b3aeabd05143
  gzip_integrity: passed_full_gzip_stream
  fragment_schema: passed_10000_prefix_rows
- name: GSM3722076_PBMC_Rep2_fragments.tsv.gz
  role: pbmc_evaluation
  url: https://ftp.ncbi.nlm.nih.gov/geo/samples/GSM3722nnn/GSM3722076/suppl/GSM3722076_PBMC_Rep2_fragments.tsv.gz
  path: data/raw/sources/ncbi_geo/GSE129785/samples/GSM3722076/source_files/GSM3722076_PBMC_Rep2_fragments.tsv.gz
  gsm: GSM3722076
  bytes: 1569523878
  sha256: 934eb205b5b0d8144c2836a05b25cc965fcbef4594e8250663dadd7a07977ad8
  gzip_integrity: passed_full_gzip_stream
  fragment_schema: passed_10000_prefix_rows
- name: GSM3722075_PBMC_Rep3_fragments.tsv.gz
  role: pbmc_evaluation
  url: https://ftp.ncbi.nlm.nih.gov/geo/samples/GSM3722nnn/GSM3722075/suppl/GSM3722075_PBMC_Rep3_fragments.tsv.gz
  path: data/raw/sources/ncbi_geo/GSE129785/samples/GSM3722075/source_files/GSM3722075_PBMC_Rep3_fragments.tsv.gz
  gsm: GSM3722075
  bytes: 1100951795
  sha256: fcb69311056e06c8132361cb61c64264d71d6dbcc2529f56b57df856e830b78f
  gzip_integrity: passed_full_gzip_stream
  fragment_schema: passed_10000_prefix_rows
- name: GSM3722077_PBMC_Rep4_fragments.tsv.gz
  role: pbmc_evaluation
  url: https://ftp.ncbi.nlm.nih.gov/geo/samples/GSM3722nnn/GSM3722077/suppl/GSM3722077_PBMC_Rep4_fragments.tsv.gz
  path: data/raw/sources/ncbi_geo/GSE129785/samples/GSM3722077/source_files/GSM3722077_PBMC_Rep4_fragments.tsv.gz
  gsm: GSM3722077
  bytes: 131425858
  sha256: 1965115f91df1bf98a9f98463619c40bbecdfd6475c15f5824835facdbe42320
  gzip_integrity: passed_full_gzip_stream
  fragment_schema: passed_10000_prefix_rows
- name: GSM3722040_Fresh_pbmc_5k_fragments.tsv.gz
  role: preparation_evaluation
  url: https://ftp.ncbi.nlm.nih.gov/geo/samples/GSM3722nnn/GSM3722040/suppl/GSM3722040_Fresh_pbmc_5k_fragments.tsv.gz
  path: data/raw/sources/ncbi_geo/GSE129785/samples/GSM3722040/source_files/GSM3722040_Fresh_pbmc_5k_fragments.tsv.gz
  gsm: GSM3722040
  bytes: 807476882
  sha256: 72d27e2f9319c0797793f05feaa8b02e660322bea1a3564821d8571b899c2cd7
  gzip_integrity: passed_full_gzip_stream
  fragment_schema: passed_10000_prefix_rows
- name: GSM3722041_Frozen_sorted_pbmc_5k_fragments.tsv.gz
  role: preparation_evaluation
  url: https://ftp.ncbi.nlm.nih.gov/geo/samples/GSM3722nnn/GSM3722041/suppl/GSM3722041_Frozen_sorted_pbmc_5k_fragments.tsv.gz
  path: data/raw/sources/ncbi_geo/GSE129785/samples/GSM3722041/source_files/GSM3722041_Frozen_sorted_pbmc_5k_fragments.tsv.gz
  gsm: GSM3722041
  bytes: 983304066
  sha256: 9592e2d87303284b6d7abaebe1b2454ad17c8ad211a260f07b4cb6d1bc2f6e1c
  gzip_integrity: passed_full_gzip_stream
  fragment_schema: passed_10000_prefix_rows
- name: GSM3722042_Frozen_unsorted_pbmc_5k_fragments.tsv.gz
  role: preparation_evaluation
  url: https://ftp.ncbi.nlm.nih.gov/geo/samples/GSM3722nnn/GSM3722042/suppl/GSM3722042_Frozen_unsorted_pbmc_5k_fragments.tsv.gz
  path: data/raw/sources/ncbi_geo/GSE129785/samples/GSM3722042/source_files/GSM3722042_Frozen_unsorted_pbmc_5k_fragments.tsv.gz
  gsm: GSM3722042
  bytes: 1141839090
  sha256: 0fd279b8c73a368672b56c15d5aa1366b98770e582c3c0c9beb4a609f7e5c6a9
  gzip_integrity: passed_full_gzip_stream
  fragment_schema: passed_10000_prefix_rows
